// !$*UTF8*$!
{
	archiveVersion = 1;
	classes = {
	};
	objectVersion = 55;
	objects = {

/* Begin PBXBuildFile section */
		2CE7909E289F72BE00C3BB2B /* AppDelegate.swift in Sources */ = {isa = PBXBuildFile; fileRef = 2CE7909D289F72BE00C3BB2B /* AppDelegate.swift */; };
		2CE790A0289F72BE00C3BB2B /* SceneDelegate.swift in Sources */ = {isa = PBXBuildFile; fileRef = 2CE7909F289F72BE00C3BB2B /* SceneDelegate.swift */; };
		2CE790A2289F72BE00C3BB2B /* ViewController.swift in Sources */ = {isa = PBXBuildFile; fileRef = 2CE790A1289F72BE00C3BB2B /* ViewController.swift */; };
		2CE790A5289F72BE00C3BB2B /* Main.storyboard in Resources */ = {isa = PBXBuildFile; fileRef = 2CE790A3289F72BE00C3BB2B /* Main.storyboard */; };
		2CE790A7289F72BF00C3BB2B /* Assets.xcassets in Resources */ = {isa = PBXBuildFile; fileRef = 2CE790A6289F72BF00C3BB2B /* Assets.xcassets */; };
		2CE790AA289F72BF00C3BB2B /* LaunchScreen.storyboard in Resources */ = {isa = PBXBuildFile; fileRef = 2CE790A8289F72BF00C3BB2B /* LaunchScreen.storyboard */; };
		2CE790B5289F72BF00C3BB2B /* GoBlueJaysTests.swift in Sources */ = {isa = PBXBuildFile; fileRef = 2CE790B4289F72BF00C3BB2B /* GoBlueJaysTests.swift */; };
		2CE790BF289F72BF00C3BB2B /* GoBlueJaysUITests.swift in Sources */ = {isa = PBXBuildFile; fileRef = 2CE790BE289F72BF00C3BB2B /* GoBlueJaysUITests.swift */; };
		2CE790C1289F72BF00C3BB2B /* GoBlueJaysUITestsLaunchTests.swift in Sources */ = {isa = PBXBuildFile; fileRef = 2CE790C0289F72BF00C3BB2B /* GoBlueJaysUITestsLaunchTests.swift */; };
		2CE790CE289F7D8E00C3BB2B /* CustomTabBarController.swift in Sources */ = {isa = PBXBuildFile; fileRef = 2CE790CD289F7D8E00C3BB2B /* CustomTabBarController.swift */; };
		2CE790D0289F7EBA00C3BB2B /* HomeVC.swift in Sources */ = {isa = PBXBuildFile; fileRef = 2CE790CF289F7EBA00C3BB2B /* HomeVC.swift */; };
		2CE790D2289F7EE100C3BB2B /* AppsVC.swift in Sources */ = {isa = PBXBuildFile; fileRef = 2CE790D1289F7EE100C3BB2B /* AppsVC.swift */; };
		2CE790D4289F7EED00C3BB2B /* ScheduleVS.swift in Sources */ = {isa = PBXBuildFile; fileRef = 2CE790D3289F7EED00C3BB2B /* ScheduleVS.swift */; };
		2CE790D6289F7F1A00C3BB2B /* MapVC.swift in Sources */ = {isa = PBXBuildFile; fileRef = 2CE790D5289F7F1A00C3BB2B /* MapVC.swift */; };
		74A09608809F6C3E38E5B3D9 /* Pods_GoBlueJays.framework in Frameworks */ = {isa = PBXBuildFile; fileRef = 6B6E906198D9E4B355782AEE /* Pods_GoBlueJays.framework */; };
		DAAEF4742A91FF49FCB50E85 /* Pods_GoBlueJays_GoBlueJaysUITests.framework in Frameworks */ = {isa = PBXBuildFile; fileRef = 34FD9B133EB236C8AF75A957 /* Pods_GoBlueJays_GoBlueJaysUITests.framework */; };
		E71B796FE7F6CD562851675E /* Pods_GoBlueJaysTests.framework in Frameworks */ = {isa = PBXBuildFile; fileRef = 6040C89B597304C671DA577C /* Pods_GoBlueJaysTests.framework */; };
/* End PBXBuildFile section */

/* Begin PBXContainerItemProxy section */
		2CE790B1289F72BF00C3BB2B /* PBXContainerItemProxy */ = {
			isa = PBXContainerItemProxy;
			containerPortal = 2CE79092289F72BE00C3BB2B /* Project object */;
			proxyType = 1;
			remoteGlobalIDString = 2CE79099289F72BE00C3BB2B;
			remoteInfo = GoBlueJays;
		};
		2CE790BB289F72BF00C3BB2B /* PBXContainerItemProxy */ = {
			isa = PBXContainerItemProxy;
			containerPortal = 2CE79092289F72BE00C3BB2B /* Project object */;
			proxyType = 1;
			remoteGlobalIDString = 2CE79099289F72BE00C3BB2B;
			remoteInfo = GoBlueJays;
		};
/* End PBXContainerItemProxy section */

/* Begin PBXFileReference section */
		0245C633F07190E30FC9778D /* Pods-GoBlueJays-GoBlueJaysUITests.release.xcconfig */ = {isa = PBXFileReference; includeInIndex = 1; lastKnownFileType = text.xcconfig; name = "Pods-GoBlueJays-GoBlueJaysUITests.release.xcconfig"; path = "Target Support Files/Pods-GoBlueJays-GoBlueJaysUITests/Pods-GoBlueJays-GoBlueJaysUITests.release.xcconfig"; sourceTree = "<group>"; };
		07D32B27721C48AE6422CF64 /* Pods-GoBlueJaysTests.release.xcconfig */ = {isa = PBXFileReference; includeInIndex = 1; lastKnownFileType = text.xcconfig; name = "Pods-GoBlueJaysTests.release.xcconfig"; path = "Target Support Files/Pods-GoBlueJaysTests/Pods-GoBlueJaysTests.release.xcconfig"; sourceTree = "<group>"; };
		14533C29658D54E14AFC14FB /* Pods-GoBlueJaysTests.debug.xcconfig */ = {isa = PBXFileReference; includeInIndex = 1; lastKnownFileType = text.xcconfig; name = "Pods-GoBlueJaysTests.debug.xcconfig"; path = "Target Support Files/Pods-GoBlueJaysTests/Pods-GoBlueJaysTests.debug.xcconfig"; sourceTree = "<group>"; };
		2CE7909A289F72BE00C3BB2B /* GoBlueJays.app */ = {isa = PBXFileReference; explicitFileType = wrapper.application; includeInIndex = 0; path = GoBlueJays.app; sourceTree = BUILT_PRODUCTS_DIR; };
		2CE7909D289F72BE00C3BB2B /* AppDelegate.swift */ = {isa = PBXFileReference; lastKnownFileType = sourcecode.swift; path = AppDelegate.swift; sourceTree = "<group>"; };
		2CE7909F289F72BE00C3BB2B /* SceneDelegate.swift */ = {isa = PBXFileReference; lastKnownFileType = sourcecode.swift; path = SceneDelegate.swift; sourceTree = "<group>"; };
		2CE790A1289F72BE00C3BB2B /* ViewController.swift */ = {isa = PBXFileReference; lastKnownFileType = sourcecode.swift; path = ViewController.swift; sourceTree = "<group>"; };
		2CE790A4289F72BE00C3BB2B /* Base */ = {isa = PBXFileReference; lastKnownFileType = file.storyboard; name = Base; path = Base.lproj/Main.storyboard; sourceTree = "<group>"; };
		2CE790A6289F72BF00C3BB2B /* Assets.xcassets */ = {isa = PBXFileReference; lastKnownFileType = folder.assetcatalog; path = Assets.xcassets; sourceTree = "<group>"; };
		2CE790A9289F72BF00C3BB2B /* Base */ = {isa = PBXFileReference; lastKnownFileType = file.storyboard; name = Base; path = Base.lproj/LaunchScreen.storyboard; sourceTree = "<group>"; };
		2CE790AB289F72BF00C3BB2B /* Info.plist */ = {isa = PBXFileReference; lastKnownFileType = text.plist.xml; path = Info.plist; sourceTree = "<group>"; };
		2CE790B0289F72BF00C3BB2B /* GoBlueJaysTests.xctest */ = {isa = PBXFileReference; explicitFileType = wrapper.cfbundle; includeInIndex = 0; path = GoBlueJaysTests.xctest; sourceTree = BUILT_PRODUCTS_DIR; };
		2CE790B4289F72BF00C3BB2B /* GoBlueJaysTests.swift */ = {isa = PBXFileReference; lastKnownFileType = sourcecode.swift; path = GoBlueJaysTests.swift; sourceTree = "<group>"; };
		2CE790BA289F72BF00C3BB2B /* GoBlueJaysUITests.xctest */ = {isa = PBXFileReference; explicitFileType = wrapper.cfbundle; includeInIndex = 0; path = GoBlueJaysUITests.xctest; sourceTree = BUILT_PRODUCTS_DIR; };
		2CE790BE289F72BF00C3BB2B /* GoBlueJaysUITests.swift */ = {isa = PBXFileReference; lastKnownFileType = sourcecode.swift; path = GoBlueJaysUITests.swift; sourceTree = "<group>"; };
		2CE790C0289F72BF00C3BB2B /* GoBlueJaysUITestsLaunchTests.swift */ = {isa = PBXFileReference; lastKnownFileType = sourcecode.swift; path = GoBlueJaysUITestsLaunchTests.swift; sourceTree = "<group>"; };
		2CE790CD289F7D8E00C3BB2B /* CustomTabBarController.swift */ = {isa = PBXFileReference; lastKnownFileType = sourcecode.swift; path = CustomTabBarController.swift; sourceTree = "<group>"; };
		2CE790CF289F7EBA00C3BB2B /* HomeVC.swift */ = {isa = PBXFileReference; lastKnownFileType = sourcecode.swift; path = HomeVC.swift; sourceTree = "<group>"; };
		2CE790D1289F7EE100C3BB2B /* AppsVC.swift */ = {isa = PBXFileReference; lastKnownFileType = sourcecode.swift; path = AppsVC.swift; sourceTree = "<group>"; };
		2CE790D3289F7EED00C3BB2B /* ScheduleVS.swift */ = {isa = PBXFileReference; lastKnownFileType = sourcecode.swift; path = ScheduleVS.swift; sourceTree = "<group>"; };
		2CE790D5289F7F1A00C3BB2B /* MapVC.swift */ = {isa = PBXFileReference; lastKnownFileType = sourcecode.swift; path = MapVC.swift; sourceTree = "<group>"; };
		34FD9B133EB236C8AF75A957 /* Pods_GoBlueJays_GoBlueJaysUITests.framework */ = {isa = PBXFileReference; explicitFileType = wrapper.framework; includeInIndex = 0; path = Pods_GoBlueJays_GoBlueJaysUITests.framework; sourceTree = BUILT_PRODUCTS_DIR; };
		37A66759876CAA474B5A3AB6 /* Pods-GoBlueJays-GoBlueJaysUITests.debug.xcconfig */ = {isa = PBXFileReference; includeInIndex = 1; lastKnownFileType = text.xcconfig; name = "Pods-GoBlueJays-GoBlueJaysUITests.debug.xcconfig"; path = "Target Support Files/Pods-GoBlueJays-GoBlueJaysUITests/Pods-GoBlueJays-GoBlueJaysUITests.debug.xcconfig"; sourceTree = "<group>"; };
		6040C89B597304C671DA577C /* Pods_GoBlueJaysTests.framework */ = {isa = PBXFileReference; explicitFileType = wrapper.framework; includeInIndex = 0; path = Pods_GoBlueJaysTests.framework; sourceTree = BUILT_PRODUCTS_DIR; };
		6B6E906198D9E4B355782AEE /* Pods_GoBlueJays.framework */ = {isa = PBXFileReference; explicitFileType = wrapper.framework; includeInIndex = 0; path = Pods_GoBlueJays.framework; sourceTree = BUILT_PRODUCTS_DIR; };
		7E289D656F859D0A1CB3CE32 /* Pods-GoBlueJays.debug.xcconfig */ = {isa = PBXFileReference; includeInIndex = 1; lastKnownFileType = text.xcconfig; name = "Pods-GoBlueJays.debug.xcconfig"; path = "Target Support Files/Pods-GoBlueJays/Pods-GoBlueJays.debug.xcconfig"; sourceTree = "<group>"; };
		85C15DE3CBB77FE7EF7E5B3E /* Pods-GoBlueJays.release.xcconfig */ = {isa = PBXFileReference; includeInIndex = 1; lastKnownFileType = text.xcconfig; name = "Pods-GoBlueJays.release.xcconfig"; path = "Target Support Files/Pods-GoBlueJays/Pods-GoBlueJays.release.xcconfig"; sourceTree = "<group>"; };
/* End PBXFileReference section */

/* Begin PBXFrameworksBuildPhase section */
		2CE79097289F72BE00C3BB2B /* Frameworks */ = {
			isa = PBXFrameworksBuildPhase;
			buildActionMask = 2147483647;
			files = (
				74A09608809F6C3E38E5B3D9 /* Pods_GoBlueJays.framework in Frameworks */,
			);
			runOnlyForDeploymentPostprocessing = 0;
		};
		2CE790AD289F72BF00C3BB2B /* Frameworks */ = {
			isa = PBXFrameworksBuildPhase;
			buildActionMask = 2147483647;
			files = (
				E71B796FE7F6CD562851675E /* Pods_GoBlueJaysTests.framework in Frameworks */,
			);
			runOnlyForDeploymentPostprocessing = 0;
		};
		2CE790B7289F72BF00C3BB2B /* Frameworks */ = {
			isa = PBXFrameworksBuildPhase;
			buildActionMask = 2147483647;
			files = (
				DAAEF4742A91FF49FCB50E85 /* Pods_GoBlueJays_GoBlueJaysUITests.framework in Frameworks */,
			);
			runOnlyForDeploymentPostprocessing = 0;
		};
/* End PBXFrameworksBuildPhase section */

/* Begin PBXGroup section */
		2A1FA4102B96A5AF4087A64F /* Pods */ = {
			isa = PBXGroup;
			children = (
				7E289D656F859D0A1CB3CE32 /* Pods-GoBlueJays.debug.xcconfig */,
				85C15DE3CBB77FE7EF7E5B3E /* Pods-GoBlueJays.release.xcconfig */,
				37A66759876CAA474B5A3AB6 /* Pods-GoBlueJays-GoBlueJaysUITests.debug.xcconfig */,
				0245C633F07190E30FC9778D /* Pods-GoBlueJays-GoBlueJaysUITests.release.xcconfig */,
				14533C29658D54E14AFC14FB /* Pods-GoBlueJaysTests.debug.xcconfig */,
				07D32B27721C48AE6422CF64 /* Pods-GoBlueJaysTests.release.xcconfig */,
			);
			path = Pods;
			sourceTree = "<group>";
		};
		2CE2F63F1BC84091714B56A0 /* Frameworks */ = {
			isa = PBXGroup;
			children = (
				6B6E906198D9E4B355782AEE /* Pods_GoBlueJays.framework */,
				34FD9B133EB236C8AF75A957 /* Pods_GoBlueJays_GoBlueJaysUITests.framework */,
				6040C89B597304C671DA577C /* Pods_GoBlueJaysTests.framework */,
			);
			name = Frameworks;
			sourceTree = "<group>";
		};
		2CE79091289F72BE00C3BB2B = {
			isa = PBXGroup;
			children = (
				2CE7909C289F72BE00C3BB2B /* GoBlueJays */,
				2CE790B3289F72BF00C3BB2B /* GoBlueJaysTests */,
				2CE790BD289F72BF00C3BB2B /* GoBlueJaysUITests */,
				2CE7909B289F72BE00C3BB2B /* Products */,
				2A1FA4102B96A5AF4087A64F /* Pods */,
				2CE2F63F1BC84091714B56A0 /* Frameworks */,
			);
			sourceTree = "<group>";
		};
		2CE7909B289F72BE00C3BB2B /* Products */ = {
			isa = PBXGroup;
			children = (
				2CE7909A289F72BE00C3BB2B /* GoBlueJays.app */,
				2CE790B0289F72BF00C3BB2B /* GoBlueJaysTests.xctest */,
				2CE790BA289F72BF00C3BB2B /* GoBlueJaysUITests.xctest */,
			);
			name = Products;
			sourceTree = "<group>";
		};
		2CE7909C289F72BE00C3BB2B /* GoBlueJays */ = {
			isa = PBXGroup;
			children = (
				2CE7909D289F72BE00C3BB2B /* AppDelegate.swift */,
				2CE7909F289F72BE00C3BB2B /* SceneDelegate.swift */,
				2CE790CD289F7D8E00C3BB2B /* CustomTabBarController.swift */,
				2CE790A1289F72BE00C3BB2B /* ViewController.swift */,
				2CE790D1289F7EE100C3BB2B /* AppsVC.swift */,
				2CE790D3289F7EED00C3BB2B /* ScheduleVS.swift */,
				2CE790D5289F7F1A00C3BB2B /* MapVC.swift */,
				2CE790CF289F7EBA00C3BB2B /* HomeVC.swift */,
				2CE790A3289F72BE00C3BB2B /* Main.storyboard */,
				2CE790A6289F72BF00C3BB2B /* Assets.xcassets */,
				2CE790A8289F72BF00C3BB2B /* LaunchScreen.storyboard */,
				2CE790AB289F72BF00C3BB2B /* Info.plist */,
			);
			path = GoBlueJays;
			sourceTree = "<group>";
		};
		2CE790B3289F72BF00C3BB2B /* GoBlueJaysTests */ = {
			isa = PBXGroup;
			children = (
				2CE790B4289F72BF00C3BB2B /* GoBlueJaysTests.swift */,
			);
			path = GoBlueJaysTests;
			sourceTree = "<group>";
		};
		2CE790BD289F72BF00C3BB2B /* GoBlueJaysUITests */ = {
			isa = PBXGroup;
			children = (
				2CE790BE289F72BF00C3BB2B /* GoBlueJaysUITests.swift */,
				2CE790C0289F72BF00C3BB2B /* GoBlueJaysUITestsLaunchTests.swift */,
			);
			path = GoBlueJaysUITests;
			sourceTree = "<group>";
		};
/* End PBXGroup section */

/* Begin PBXNativeTarget section */
		2CE79099289F72BE00C3BB2B /* GoBlueJays */ = {
			isa = PBXNativeTarget;
			buildConfigurationList = 2CE790C4289F72BF00C3BB2B /* Build configuration list for PBXNativeTarget "GoBlueJays" */;
			buildPhases = (
				ED16760898CA2DCAD90BCE29 /* [CP] Check Pods Manifest.lock */,
				2CE79096289F72BE00C3BB2B /* Sources */,
				2CE79097289F72BE00C3BB2B /* Frameworks */,
				2CE79098289F72BE00C3BB2B /* Resources */,
				DEDAC6A716FF9094E83BD10E /* [CP] Embed Pods Frameworks */,
			);
			buildRules = (
			);
			dependencies = (
			);
			name = GoBlueJays;
			productName = GoBlueJays;
			productReference = 2CE7909A289F72BE00C3BB2B /* GoBlueJays.app */;
			productType = "com.apple.product-type.application";
		};
		2CE790AF289F72BF00C3BB2B /* GoBlueJaysTests */ = {
			isa = PBXNativeTarget;
			buildConfigurationList = 2CE790C7289F72BF00C3BB2B /* Build configuration list for PBXNativeTarget "GoBlueJaysTests" */;
			buildPhases = (
				218C9687DD6D18E1664B6D28 /* [CP] Check Pods Manifest.lock */,
				2CE790AC289F72BF00C3BB2B /* Sources */,
				2CE790AD289F72BF00C3BB2B /* Frameworks */,
				2CE790AE289F72BF00C3BB2B /* Resources */,
			);
			buildRules = (
			);
			dependencies = (
				2CE790B2289F72BF00C3BB2B /* PBXTargetDependency */,
			);
			name = GoBlueJaysTests;
			productName = GoBlueJaysTests;
			productReference = 2CE790B0289F72BF00C3BB2B /* GoBlueJaysTests.xctest */;
			productType = "com.apple.product-type.bundle.unit-test";
		};
		2CE790B9289F72BF00C3BB2B /* GoBlueJaysUITests */ = {
			isa = PBXNativeTarget;
			buildConfigurationList = 2CE790CA289F72BF00C3BB2B /* Build configuration list for PBXNativeTarget "GoBlueJaysUITests" */;
			buildPhases = (
				50E013B171B858FDC02B9335 /* [CP] Check Pods Manifest.lock */,
				2CE790B6289F72BF00C3BB2B /* Sources */,
				2CE790B7289F72BF00C3BB2B /* Frameworks */,
				2CE790B8289F72BF00C3BB2B /* Resources */,
				49ADFE659909545A0B2F3B12 /* [CP] Embed Pods Frameworks */,
			);
			buildRules = (
			);
			dependencies = (
				2CE790BC289F72BF00C3BB2B /* PBXTargetDependency */,
			);
			name = GoBlueJaysUITests;
			productName = GoBlueJaysUITests;
			productReference = 2CE790BA289F72BF00C3BB2B /* GoBlueJaysUITests.xctest */;
			productType = "com.apple.product-type.bundle.ui-testing";
		};
/* End PBXNativeTarget section */

/* Begin PBXProject section */
		2CE79092289F72BE00C3BB2B /* Project object */ = {
			isa = PBXProject;
			attributes = {
				BuildIndependentTargetsInParallel = 1;
				LastSwiftUpdateCheck = 1340;
				LastUpgradeCheck = 1340;
				TargetAttributes = {
					2CE79099289F72BE00C3BB2B = {
						CreatedOnToolsVersion = 13.4.1;
					};
					2CE790AF289F72BF00C3BB2B = {
						CreatedOnToolsVersion = 13.4.1;
						TestTargetID = 2CE79099289F72BE00C3BB2B;
					};
					2CE790B9289F72BF00C3BB2B = {
						CreatedOnToolsVersion = 13.4.1;
						TestTargetID = 2CE79099289F72BE00C3BB2B;
					};
				};
			};
			buildConfigurationList = 2CE79095289F72BE00C3BB2B /* Build configuration list for PBXProject "GoBlueJays" */;
			compatibilityVersion = "Xcode 13.0";
			developmentRegion = en;
			hasScannedForEncodings = 0;
			knownRegions = (
				en,
				Base,
			);
			mainGroup = 2CE79091289F72BE00C3BB2B;
			productRefGroup = 2CE7909B289F72BE00C3BB2B /* Products */;
			projectDirPath = "";
			projectRoot = "";
			targets = (
				2CE79099289F72BE00C3BB2B /* GoBlueJays */,
				2CE790AF289F72BF00C3BB2B /* GoBlueJaysTests */,
				2CE790B9289F72BF00C3BB2B /* GoBlueJaysUITests */,
			);
		};
/* End PBXProject section */

/* Begin PBXResourcesBuildPhase section */
		2CE79098289F72BE00C3BB2B /* Resources */ = {
			isa = PBXResourcesBuildPhase;
			buildActionMask = 2147483647;
			files = (
				2CE790AA289F72BF00C3BB2B /* LaunchScreen.storyboard in Resources */,
				2CE790A7289F72BF00C3BB2B /* Assets.xcassets in Resources */,
				2CE790A5289F72BE00C3BB2B /* Main.storyboard in Resources */,
			);
			runOnlyForDeploymentPostprocessing = 0;
		};
		2CE790AE289F72BF00C3BB2B /* Resources */ = {
			isa = PBXResourcesBuildPhase;
			buildActionMask = 2147483647;
			files = (
			);
			runOnlyForDeploymentPostprocessing = 0;
		};
		2CE790B8289F72BF00C3BB2B /* Resources */ = {
			isa = PBXResourcesBuildPhase;
			buildActionMask = 2147483647;
			files = (
			);
			runOnlyForDeploymentPostprocessing = 0;
		};
/* End PBXResourcesBuildPhase section */

/* Begin PBXShellScriptBuildPhase section */
		218C9687DD6D18E1664B6D28 /* [CP] Check Pods Manifest.lock */ = {
			isa = PBXShellScriptBuildPhase;
			buildActionMask = 2147483647;
			files = (
			);
			inputFileListPaths = (
			);
			inputPaths = (
				"${PODS_PODFILE_DIR_PATH}/Podfile.lock",
				"${PODS_ROOT}/Manifest.lock",
			);
			name = "[CP] Check Pods Manifest.lock";
			outputFileListPaths = (
			);
			outputPaths = (
				"$(DERIVED_FILE_DIR)/Pods-GoBlueJaysTests-checkManifestLockResult.txt",
			);
			runOnlyForDeploymentPostprocessing = 0;
			shellPath = /bin/sh;
			shellScript = "diff \"${PODS_PODFILE_DIR_PATH}/Podfile.lock\" \"${PODS_ROOT}/Manifest.lock\" > /dev/null\nif [ $? != 0 ] ; then\n    # print error to STDERR\n    echo \"error: The sandbox is not in sync with the Podfile.lock. Run 'pod install' or update your CocoaPods installation.\" >&2\n    exit 1\nfi\n# This output is used by Xcode 'outputs' to avoid re-running this script phase.\necho \"SUCCESS\" > \"${SCRIPT_OUTPUT_FILE_0}\"\n";
			showEnvVarsInLog = 0;
		};
		49ADFE659909545A0B2F3B12 /* [CP] Embed Pods Frameworks */ = {
			isa = PBXShellScriptBuildPhase;
			buildActionMask = 2147483647;
			files = (
			);
			inputFileListPaths = (
				"${PODS_ROOT}/Target Support Files/Pods-GoBlueJays-GoBlueJaysUITests/Pods-GoBlueJays-GoBlueJaysUITests-frameworks-${CONFIGURATION}-input-files.xcfilelist",
			);
			name = "[CP] Embed Pods Frameworks";
			outputFileListPaths = (
				"${PODS_ROOT}/Target Support Files/Pods-GoBlueJays-GoBlueJaysUITests/Pods-GoBlueJays-GoBlueJaysUITests-frameworks-${CONFIGURATION}-output-files.xcfilelist",
			);
			runOnlyForDeploymentPostprocessing = 0;
			shellPath = /bin/sh;
			shellScript = "\"${PODS_ROOT}/Target Support Files/Pods-GoBlueJays-GoBlueJaysUITests/Pods-GoBlueJays-GoBlueJaysUITests-frameworks.sh\"\n";
			showEnvVarsInLog = 0;
		};
		50E013B171B858FDC02B9335 /* [CP] Check Pods Manifest.lock */ = {
			isa = PBXShellScriptBuildPhase;
			buildActionMask = 2147483647;
			files = (
			);
			inputFileListPaths = (
			);
			inputPaths = (
				"${PODS_PODFILE_DIR_PATH}/Podfile.lock",
				"${PODS_ROOT}/Manifest.lock",
			);
			name = "[CP] Check Pods Manifest.lock";
			outputFileListPaths = (
			);
			outputPaths = (
				"$(DERIVED_FILE_DIR)/Pods-GoBlueJays-GoBlueJaysUITests-checkManifestLockResult.txt",
			);
			runOnlyForDeploymentPostprocessing = 0;
			shellPath = /bin/sh;
			shellScript = "diff \"${PODS_PODFILE_DIR_PATH}/Podfile.lock\" \"${PODS_ROOT}/Manifest.lock\" > /dev/null\nif [ $? != 0 ] ; then\n    # print error to STDERR\n    echo \"error: The sandbox is not in sync with the Podfile.lock. Run 'pod install' or update your CocoaPods installation.\" >&2\n    exit 1\nfi\n# This output is used by Xcode 'outputs' to avoid re-running this script phase.\necho \"SUCCESS\" > \"${SCRIPT_OUTPUT_FILE_0}\"\n";
			showEnvVarsInLog = 0;
		};
		DEDAC6A716FF9094E83BD10E /* [CP] Embed Pods Frameworks */ = {
			isa = PBXShellScriptBuildPhase;
			buildActionMask = 2147483647;
			files = (
			);
			inputFileListPaths = (
				"${PODS_ROOT}/Target Support Files/Pods-GoBlueJays/Pods-GoBlueJays-frameworks-${CONFIGURATION}-input-files.xcfilelist",
			);
			name = "[CP] Embed Pods Frameworks";
			outputFileListPaths = (
				"${PODS_ROOT}/Target Support Files/Pods-GoBlueJays/Pods-GoBlueJays-frameworks-${CONFIGURATION}-output-files.xcfilelist",
			);
			runOnlyForDeploymentPostprocessing = 0;
			shellPath = /bin/sh;
			shellScript = "\"${PODS_ROOT}/Target Support Files/Pods-GoBlueJays/Pods-GoBlueJays-frameworks.sh\"\n";
			showEnvVarsInLog = 0;
		};
		ED16760898CA2DCAD90BCE29 /* [CP] Check Pods Manifest.lock */ = {
			isa = PBXShellScriptBuildPhase;
			buildActionMask = 2147483647;
			files = (
			);
			inputFileListPaths = (
			);
			inputPaths = (
				"${PODS_PODFILE_DIR_PATH}/Podfile.lock",
				"${PODS_ROOT}/Manifest.lock",
			);
			name = "[CP] Check Pods Manifest.lock";
			outputFileListPaths = (
			);
			outputPaths = (
				"$(DERIVED_FILE_DIR)/Pods-GoBlueJays-checkManifestLockResult.txt",
			);
			runOnlyForDeploymentPostprocessing = 0;
			shellPath = /bin/sh;
			shellScript = "diff \"${PODS_PODFILE_DIR_PATH}/Podfile.lock\" \"${PODS_ROOT}/Manifest.lock\" > /dev/null\nif [ $? != 0 ] ; then\n    # print error to STDERR\n    echo \"error: The sandbox is not in sync with the Podfile.lock. Run 'pod install' or update your CocoaPods installation.\" >&2\n    exit 1\nfi\n# This output is used by Xcode 'outputs' to avoid re-running this script phase.\necho \"SUCCESS\" > \"${SCRIPT_OUTPUT_FILE_0}\"\n";
			showEnvVarsInLog = 0;
		};
/* End PBXShellScriptBuildPhase section */

/* Begin PBXSourcesBuildPhase section */
		2CE79096289F72BE00C3BB2B /* Sources */ = {
			isa = PBXSourcesBuildPhase;
			buildActionMask = 2147483647;
			files = (
				2CE790D4289F7EED00C3BB2B /* ScheduleVS.swift in Sources */,
				2CE790A2289F72BE00C3BB2B /* ViewController.swift in Sources */,
				2CE790D0289F7EBA00C3BB2B /* HomeVC.swift in Sources */,
				2CE7909E289F72BE00C3BB2B /* AppDelegate.swift in Sources */,
				2CE790CE289F7D8E00C3BB2B /* CustomTabBarController.swift in Sources */,
				2CE790D6289F7F1A00C3BB2B /* MapVC.swift in Sources */,
				2CE790D2289F7EE100C3BB2B /* AppsVC.swift in Sources */,
				2CE790A0289F72BE00C3BB2B /* SceneDelegate.swift in Sources */,
			);
			runOnlyForDeploymentPostprocessing = 0;
		};
		2CE790AC289F72BF00C3BB2B /* Sources */ = {
			isa = PBXSourcesBuildPhase;
			buildActionMask = 2147483647;
			files = (
				2CE790B5289F72BF00C3BB2B /* GoBlueJaysTests.swift in Sources */,
			);
			runOnlyForDeploymentPostprocessing = 0;
		};
		2CE790B6289F72BF00C3BB2B /* Sources */ = {
			isa = PBXSourcesBuildPhase;
			buildActionMask = 2147483647;
			files = (
				2CE790BF289F72BF00C3BB2B /* GoBlueJaysUITests.swift in Sources */,
				2CE790C1289F72BF00C3BB2B /* GoBlueJaysUITestsLaunchTests.swift in Sources */,
			);
			runOnlyForDeploymentPostprocessing = 0;
		};
/* End PBXSourcesBuildPhase section */

/* Begin PBXTargetDependency section */
		2CE790B2289F72BF00C3BB2B /* PBXTargetDependency */ = {
			isa = PBXTargetDependency;
			target = 2CE79099289F72BE00C3BB2B /* GoBlueJays */;
			targetProxy = 2CE790B1289F72BF00C3BB2B /* PBXContainerItemProxy */;
		};
		2CE790BC289F72BF00C3BB2B /* PBXTargetDependency */ = {
			isa = PBXTargetDependency;
			target = 2CE79099289F72BE00C3BB2B /* GoBlueJays */;
			targetProxy = 2CE790BB289F72BF00C3BB2B /* PBXContainerItemProxy */;
		};
/* End PBXTargetDependency section */

/* Begin PBXVariantGroup section */
		2CE790A3289F72BE00C3BB2B /* Main.storyboard */ = {
			isa = PBXVariantGroup;
			children = (
				2CE790A4289F72BE00C3BB2B /* Base */,
			);
			name = Main.storyboard;
			sourceTree = "<group>";
		};
		2CE790A8289F72BF00C3BB2B /* LaunchScreen.storyboard */ = {
			isa = PBXVariantGroup;
			children = (
				2CE790A9289F72BF00C3BB2B /* Base */,
			);
			name = LaunchScreen.storyboard;
			sourceTree = "<group>";
		};
/* End PBXVariantGroup section */

/* Begin XCBuildConfiguration section */
		2CE790C2289F72BF00C3BB2B /* Debug */ = {
			isa = XCBuildConfiguration;
			buildSettings = {
				ALWAYS_SEARCH_USER_PATHS = NO;
				CLANG_ANALYZER_NONNULL = YES;
				CLANG_ANALYZER_NUMBER_OBJECT_CONVERSION = YES_AGGRESSIVE;
				CLANG_CXX_LANGUAGE_STANDARD = "gnu++17";
				CLANG_ENABLE_MODULES = YES;
				CLANG_ENABLE_OBJC_ARC = YES;
				CLANG_ENABLE_OBJC_WEAK = YES;
				CLANG_WARN_BLOCK_CAPTURE_AUTORELEASING = YES;
				CLANG_WARN_BOOL_CONVERSION = YES;
				CLANG_WARN_COMMA = YES;
				CLANG_WARN_CONSTANT_CONVERSION = YES;
				CLANG_WARN_DEPRECATED_OBJC_IMPLEMENTATIONS = YES;
				CLANG_WARN_DIRECT_OBJC_ISA_USAGE = YES_ERROR;
				CLANG_WARN_DOCUMENTATION_COMMENTS = YES;
				CLANG_WARN_EMPTY_BODY = YES;
				CLANG_WARN_ENUM_CONVERSION = YES;
				CLANG_WARN_INFINITE_RECURSION = YES;
				CLANG_WARN_INT_CONVERSION = YES;
				CLANG_WARN_NON_LITERAL_NULL_CONVERSION = YES;
				CLANG_WARN_OBJC_IMPLICIT_RETAIN_SELF = YES;
				CLANG_WARN_OBJC_LITERAL_CONVERSION = YES;
				CLANG_WARN_OBJC_ROOT_CLASS = YES_ERROR;
				CLANG_WARN_QUOTED_INCLUDE_IN_FRAMEWORK_HEADER = YES;
				CLANG_WARN_RANGE_LOOP_ANALYSIS = YES;
				CLANG_WARN_STRICT_PROTOTYPES = YES;
				CLANG_WARN_SUSPICIOUS_MOVE = YES;
				CLANG_WARN_UNGUARDED_AVAILABILITY = YES_AGGRESSIVE;
				CLANG_WARN_UNREACHABLE_CODE = YES;
				CLANG_WARN__DUPLICATE_METHOD_MATCH = YES;
				COPY_PHASE_STRIP = NO;
				DEBUG_INFORMATION_FORMAT = dwarf;
				ENABLE_STRICT_OBJC_MSGSEND = YES;
				ENABLE_TESTABILITY = YES;
				GCC_C_LANGUAGE_STANDARD = gnu11;
				GCC_DYNAMIC_NO_PIC = NO;
				GCC_NO_COMMON_BLOCKS = YES;
				GCC_OPTIMIZATION_LEVEL = 0;
				GCC_PREPROCESSOR_DEFINITIONS = (
					"DEBUG=1",
					"$(inherited)",
				);
				GCC_WARN_64_TO_32_BIT_CONVERSION = YES;
				GCC_WARN_ABOUT_RETURN_TYPE = YES_ERROR;
				GCC_WARN_UNDECLARED_SELECTOR = YES;
				GCC_WARN_UNINITIALIZED_AUTOS = YES_AGGRESSIVE;
				GCC_WARN_UNUSED_FUNCTION = YES;
				GCC_WARN_UNUSED_VARIABLE = YES;
				IPHONEOS_DEPLOYMENT_TARGET = 14.2;
				MTL_ENABLE_DEBUG_INFO = INCLUDE_SOURCE;
				MTL_FAST_MATH = YES;
				ONLY_ACTIVE_ARCH = YES;
				SDKROOT = iphoneos;
				SWIFT_ACTIVE_COMPILATION_CONDITIONS = DEBUG;
				SWIFT_OPTIMIZATION_LEVEL = "-Onone";
			};
			name = Debug;
		};
		2CE790C3289F72BF00C3BB2B /* Release */ = {
			isa = XCBuildConfiguration;
			buildSettings = {
				ALWAYS_SEARCH_USER_PATHS = NO;
				CLANG_ANALYZER_NONNULL = YES;
				CLANG_ANALYZER_NUMBER_OBJECT_CONVERSION = YES_AGGRESSIVE;
				CLANG_CXX_LANGUAGE_STANDARD = "gnu++17";
				CLANG_ENABLE_MODULES = YES;
				CLANG_ENABLE_OBJC_ARC = YES;
				CLANG_ENABLE_OBJC_WEAK = YES;
				CLANG_WARN_BLOCK_CAPTURE_AUTORELEASING = YES;
				CLANG_WARN_BOOL_CONVERSION = YES;
				CLANG_WARN_COMMA = YES;
				CLANG_WARN_CONSTANT_CONVERSION = YES;
				CLANG_WARN_DEPRECATED_OBJC_IMPLEMENTATIONS = YES;
				CLANG_WARN_DIRECT_OBJC_ISA_USAGE = YES_ERROR;
				CLANG_WARN_DOCUMENTATION_COMMENTS = YES;
				CLANG_WARN_EMPTY_BODY = YES;
				CLANG_WARN_ENUM_CONVERSION = YES;
				CLANG_WARN_INFINITE_RECURSION = YES;
				CLANG_WARN_INT_CONVERSION = YES;
				CLANG_WARN_NON_LITERAL_NULL_CONVERSION = YES;
				CLANG_WARN_OBJC_IMPLICIT_RETAIN_SELF = YES;
				CLANG_WARN_OBJC_LITERAL_CONVERSION = YES;
				CLANG_WARN_OBJC_ROOT_CLASS = YES_ERROR;
				CLANG_WARN_QUOTED_INCLUDE_IN_FRAMEWORK_HEADER = YES;
				CLANG_WARN_RANGE_LOOP_ANALYSIS = YES;
				CLANG_WARN_STRICT_PROTOTYPES = YES;
				CLANG_WARN_SUSPICIOUS_MOVE = YES;
				CLANG_WARN_UNGUARDED_AVAILABILITY = YES_AGGRESSIVE;
				CLANG_WARN_UNREACHABLE_CODE = YES;
				CLANG_WARN__DUPLICATE_METHOD_MATCH = YES;
				COPY_PHASE_STRIP = NO;
				DEBUG_INFORMATION_FORMAT = "dwarf-with-dsym";
				ENABLE_NS_ASSERTIONS = NO;
				ENABLE_STRICT_OBJC_MSGSEND = YES;
				GCC_C_LANGUAGE_STANDARD = gnu11;
				GCC_NO_COMMON_BLOCKS = YES;
				GCC_WARN_64_TO_32_BIT_CONVERSION = YES;
				GCC_WARN_ABOUT_RETURN_TYPE = YES_ERROR;
				GCC_WARN_UNDECLARED_SELECTOR = YES;
				GCC_WARN_UNINITIALIZED_AUTOS = YES_AGGRESSIVE;
				GCC_WARN_UNUSED_FUNCTION = YES;
				GCC_WARN_UNUSED_VARIABLE = YES;
				IPHONEOS_DEPLOYMENT_TARGET = 14.2;
				MTL_ENABLE_DEBUG_INFO = NO;
				MTL_FAST_MATH = YES;
				SDKROOT = iphoneos;
				SWIFT_COMPILATION_MODE = wholemodule;
				SWIFT_OPTIMIZATION_LEVEL = "-O";
				VALIDATE_PRODUCT = YES;
			};
			name = Release;
		};
		2CE790C5289F72BF00C3BB2B /* Debug */ = {
			isa = XCBuildConfiguration;
			baseConfigurationReference = 7E289D656F859D0A1CB3CE32 /* Pods-GoBlueJays.debug.xcconfig */;
			buildSettings = {
				ASSETCATALOG_COMPILER_APPICON_NAME = AppIcon;
				ASSETCATALOG_COMPILER_GLOBAL_ACCENT_COLOR_NAME = AccentColor;
				CODE_SIGN_STYLE = Automatic;
				CURRENT_PROJECT_VERSION = 1;
				DEVELOPMENT_TEAM = G9T2AWPNWG;
				GENERATE_INFOPLIST_FILE = YES;
				INFOPLIST_FILE = GoBlueJays/Info.plist;
				INFOPLIST_KEY_UIApplicationSupportsIndirectInputEvents = YES;
				INFOPLIST_KEY_UILaunchStoryboardName = LaunchScreen;
				INFOPLIST_KEY_UIMainStoryboardFile = Main;
				INFOPLIST_KEY_UISupportedInterfaceOrientations_iPad = "UIInterfaceOrientationPortrait UIInterfaceOrientationPortraitUpsideDown UIInterfaceOrientationLandscapeLeft UIInterfaceOrientationLandscapeRight";
				INFOPLIST_KEY_UISupportedInterfaceOrientations_iPhone = "UIInterfaceOrientationPortrait UIInterfaceOrientationLandscapeLeft UIInterfaceOrientationLandscapeRight";
				IPHONEOS_DEPLOYMENT_TARGET = 14.5;
				LD_RUNPATH_SEARCH_PATHS = (
					"$(inherited)",
					"@executable_path/Frameworks",
				);
				MARKETING_VERSION = 1.0;
				PRODUCT_BUNDLE_IDENTIFIER = com.jessieluo.GoBlueJays;
				PRODUCT_NAME = "$(TARGET_NAME)";
				SWIFT_EMIT_LOC_STRINGS = YES;
				SWIFT_VERSION = 5.0;
				TARGETED_DEVICE_FAMILY = "1,2";
			};
			name = Debug;
		};
		2CE790C6289F72BF00C3BB2B /* Release */ = {
			isa = XCBuildConfiguration;
			baseConfigurationReference = 85C15DE3CBB77FE7EF7E5B3E /* Pods-GoBlueJays.release.xcconfig */;
			buildSettings = {
				ASSETCATALOG_COMPILER_APPICON_NAME = AppIcon;
				ASSETCATALOG_COMPILER_GLOBAL_ACCENT_COLOR_NAME = AccentColor;
				CODE_SIGN_STYLE = Automatic;
				CURRENT_PROJECT_VERSION = 1;
				DEVELOPMENT_TEAM = G9T2AWPNWG;
				GENERATE_INFOPLIST_FILE = YES;
				INFOPLIST_FILE = GoBlueJays/Info.plist;
				INFOPLIST_KEY_UIApplicationSupportsIndirectInputEvents = YES;
				INFOPLIST_KEY_UILaunchStoryboardName = LaunchScreen;
				INFOPLIST_KEY_UIMainStoryboardFile = Main;
				INFOPLIST_KEY_UISupportedInterfaceOrientations_iPad = "UIInterfaceOrientationPortrait UIInterfaceOrientationPortraitUpsideDown UIInterfaceOrientationLandscapeLeft UIInterfaceOrientationLandscapeRight";
				INFOPLIST_KEY_UISupportedInterfaceOrientations_iPhone = "UIInterfaceOrientationPortrait UIInterfaceOrientationLandscapeLeft UIInterfaceOrientationLandscapeRight";
				IPHONEOS_DEPLOYMENT_TARGET = 14.5;
				LD_RUNPATH_SEARCH_PATHS = (
					"$(inherited)",
					"@executable_path/Frameworks",
				);
				MARKETING_VERSION = 1.0;
				PRODUCT_BUNDLE_IDENTIFIER = com.jessieluo.GoBlueJays;
				PRODUCT_NAME = "$(TARGET_NAME)";
				SWIFT_EMIT_LOC_STRINGS = YES;
				SWIFT_VERSION = 5.0;
				TARGETED_DEVICE_FAMILY = "1,2";
			};
			name = Release;
		};
		2CE790C8289F72BF00C3BB2B /* Debug */ = {
			isa = XCBuildConfiguration;
			baseConfigurationReference = 14533C29658D54E14AFC14FB /* Pods-GoBlueJaysTests.debug.xcconfig */;
			buildSettings = {
				ALWAYS_EMBED_SWIFT_STANDARD_LIBRARIES = YES;
				BUNDLE_LOADER = "$(TEST_HOST)";
				CODE_SIGN_STYLE = Automatic;
				CURRENT_PROJECT_VERSION = 1;
				GENERATE_INFOPLIST_FILE = YES;
				IPHONEOS_DEPLOYMENT_TARGET = 15.5;
				MARKETING_VERSION = 1.0;
				PRODUCT_BUNDLE_IDENTIFIER = com.jessieluo.GoBlueJaysTests;
				PRODUCT_NAME = "$(TARGET_NAME)";
				SWIFT_EMIT_LOC_STRINGS = NO;
				SWIFT_VERSION = 5.0;
				TARGETED_DEVICE_FAMILY = "1,2";
				TEST_HOST = "$(BUILT_PRODUCTS_DIR)/GoBlueJays.app/GoBlueJays";
			};
			name = Debug;
		};
		2CE790C9289F72BF00C3BB2B /* Release */ = {
			isa = XCBuildConfiguration;
			baseConfigurationReference = 07D32B27721C48AE6422CF64 /* Pods-GoBlueJaysTests.release.xcconfig */;
			buildSettings = {
				ALWAYS_EMBED_SWIFT_STANDARD_LIBRARIES = YES;
				BUNDLE_LOADER = "$(TEST_HOST)";
				CODE_SIGN_STYLE = Automatic;
				CURRENT_PROJECT_VERSION = 1;
				GENERATE_INFOPLIST_FILE = YES;
				IPHONEOS_DEPLOYMENT_TARGET = 15.5;
				MARKETING_VERSION = 1.0;
				PRODUCT_BUNDLE_IDENTIFIER = com.jessieluo.GoBlueJaysTests;
				PRODUCT_NAME = "$(TARGET_NAME)";
				SWIFT_EMIT_LOC_STRINGS = NO;
				SWIFT_VERSION = 5.0;
				TARGETED_DEVICE_FAMILY = "1,2";
				TEST_HOST = "$(BUILT_PRODUCTS_DIR)/GoBlueJays.app/GoBlueJays";
			};
			name = Release;
		};
		2CE790CB289F72BF00C3BB2B /* Debug */ = {
			isa = XCBuildConfiguration;
			baseConfigurationReference = 37A66759876CAA474B5A3AB6 /* Pods-GoBlueJays-GoBlueJaysUITests.debug.xcconfig */;
			buildSettings = {
				ALWAYS_EMBED_SWIFT_STANDARD_LIBRARIES = YES;
				CODE_SIGN_STYLE = Automatic;
				CURRENT_PROJECT_VERSION = 1;
				GENERATE_INFOPLIST_FILE = YES;
				MARKETING_VERSION = 1.0;
				PRODUCT_BUNDLE_IDENTIFIER = com.jessieluo.GoBlueJaysUITests;
				PRODUCT_NAME = "$(TARGET_NAME)";
				SWIFT_EMIT_LOC_STRINGS = NO;
				SWIFT_VERSION = 5.0;
				TARGETED_DEVICE_FAMILY = "1,2";
				TEST_TARGET_NAME = GoBlueJays;
			};
			name = Debug;
		};
		2CE790CC289F72BF00C3BB2B /* Release */ = {
			isa = XCBuildConfiguration;
			baseConfigurationReference = 0245C633F07190E30FC9778D /* Pods-GoBlueJays-GoBlueJaysUITests.release.xcconfig */;
			buildSettings = {
				ALWAYS_EMBED_SWIFT_STANDARD_LIBRARIES = YES;
				CODE_SIGN_STYLE = Automatic;
				CURRENT_PROJECT_VERSION = 1;
				GENERATE_INFOPLIST_FILE = YES;
				MARKETING_VERSION = 1.0;
				PRODUCT_BUNDLE_IDENTIFIER = com.jessieluo.GoBlueJaysUITests;
				PRODUCT_NAME = "$(TARGET_NAME)";
				SWIFT_EMIT_LOC_STRINGS = NO;
				SWIFT_VERSION = 5.0;
				TARGETED_DEVICE_FAMILY = "1,2";
				TEST_TARGET_NAME = GoBlueJays;
			};
			name = Release;
		};
/* End XCBuildConfiguration section */

/* Begin XCConfigurationList section */
		2CE79095289F72BE00C3BB2B /* Build configuration list for PBXProject "GoBlueJays" */ = {
			isa = XCConfigurationList;
			buildConfigurations = (
				2CE790C2289F72BF00C3BB2B /* Debug */,
				2CE790C3289F72BF00C3BB2B /* Release */,
			);
			defaultConfigurationIsVisible = 0;
			defaultConfigurationName = Release;
		};
		2CE790C4289F72BF00C3BB2B /* Build configuration list for PBXNativeTarget "GoBlueJays" */ = {
			isa = XCConfigurationList;
			buildConfigurations = (
				2CE790C5289F72BF00C3BB2B /* Debug */,
				2CE790C6289F72BF00C3BB2B /* Release */,
			);
			defaultConfigurationIsVisible = 0;
			defaultConfigurationName = Release;
		};
		2CE790C7289F72BF00C3BB2B /* Build configuration list for PBXNativeTarget "GoBlueJaysTests" */ = {
			isa = XCConfigurationList;
			buildConfigurations = (
				2CE790C8289F72BF00C3BB2B /* Debug */,
				2CE790C9289F72BF00C3BB2B /* Release */,
			);
			defaultConfigurationIsVisible = 0;
			defaultConfigurationName = Release;
		};
		2CE790CA289F72BF00C3BB2B /* Build configuration list for PBXNativeTarget "GoBlueJaysUITests" */ = {
			isa = XCConfigurationList;
			buildConfigurations = (
				2CE790CB289F72BF00C3BB2B /* Debug */,
				2CE790CC289F72BF00C3BB2B /* Release */,
			);
			defaultConfigurationIsVisible = 0;
			defaultConfigurationName = Release;
		};
/* End XCConfigurationList section */
	};
	rootObject = 2CE79092289F72BE00C3BB2B /* Project object */;
}
