// !$*UTF8*$!
{
	archiveVersion = 1;
	classes = {
	};
	objectVersion = 55;
	objects = {

/* Begin PBXBuildFile section */
		258DD612243BCD526094A208 /* Pods_GoBlueJays.framework in Frameworks */ = {isa = PBXBuildFile; fileRef = 26BB145DEC45DE63F98CCBF3 /* Pods_GoBlueJays.framework */; };
		2C83283328A7DC5A00EBA59B /* AcademicsVC.swift in Sources */ = {isa = PBXBuildFile; fileRef = 2C83283228A7DC5A00EBA59B /* AcademicsVC.swift */; };
		2CAB898728ACA10500DD27EA /* BuildFile in Embed Frameworks */ = {isa = PBXBuildFile; settings = {ATTRIBUTES = (RemoveHeadersOnCopy, ); }; };
		2CB79C9028A9DA1C00744FF8 /* Detail.swift in Sources */ = {isa = PBXBuildFile; fileRef = 2CB79C8F28A9DA1C00744FF8 /* Detail.swift */; };
		2CB79C9828A9E43900744FF8 /* IconCell.swift in Sources */ = {isa = PBXBuildFile; fileRef = 2CB79C9628A9E43900744FF8 /* IconCell.swift */; };
		2CB79C9928A9E43900744FF8 /* IconCell.xib in Resources */ = {isa = PBXBuildFile; fileRef = 2CB79C9728A9E43900744FF8 /* IconCell.xib */; };
		2CC9F07328A22BE300E337CA /* GooglePlacesManager.swift in Sources */ = {isa = PBXBuildFile; fileRef = 2CC9F07228A22BE300E337CA /* GooglePlacesManager.swift */; };
		2CD9277628A1D59000C45293 /* ResultsViewController.swift in Sources */ = {isa = PBXBuildFile; fileRef = 2CD9277528A1D59000C45293 /* ResultsViewController.swift */; };
		2CE7909E289F72BE00C3BB2B /* AppDelegate.swift in Sources */ = {isa = PBXBuildFile; fileRef = 2CE7909D289F72BE00C3BB2B /* AppDelegate.swift */; };
		2CE790A0289F72BE00C3BB2B /* SceneDelegate.swift in Sources */ = {isa = PBXBuildFile; fileRef = 2CE7909F289F72BE00C3BB2B /* SceneDelegate.swift */; };
		2CE790A2289F72BE00C3BB2B /* ViewController.swift in Sources */ = {isa = PBXBuildFile; fileRef = 2CE790A1289F72BE00C3BB2B /* ViewController.swift */; };
		2CE790A5289F72BE00C3BB2B /* Main.storyboard in Resources */ = {isa = PBXBuildFile; fileRef = 2CE790A3289F72BE00C3BB2B /* Main.storyboard */; };
		2CE790A7289F72BF00C3BB2B /* Assets.xcassets in Resources */ = {isa = PBXBuildFile; fileRef = 2CE790A6289F72BF00C3BB2B /* Assets.xcassets */; };
		2CE790AA289F72BF00C3BB2B /* LaunchScreen.storyboard in Resources */ = {isa = PBXBuildFile; fileRef = 2CE790A8289F72BF00C3BB2B /* LaunchScreen.storyboard */; };
		2CE790B5289F72BF00C3BB2B /* GoBlueJaysTests.swift in Sources */ = {isa = PBXBuildFile; fileRef = 2CE790B4289F72BF00C3BB2B /* GoBlueJaysTests.swift */; };
		2CE790BF289F72BF00C3BB2B /* GoBlueJaysUITests.swift in Sources */ = {isa = PBXBuildFile; fileRef = 2CE790BE289F72BF00C3BB2B /* GoBlueJaysUITests.swift */; };
		2CE790C1289F72BF00C3BB2B /* GoBlueJaysUITestsLaunchTests.swift in Sources */ = {isa = PBXBuildFile; fileRef = 2CE790C0289F72BF00C3BB2B /* GoBlueJaysUITestsLaunchTests.swift */; };
		2CE790CE289F7D8E00C3BB2B /* CustomTabBarController.swift in Sources */ = {isa = PBXBuildFile; fileRef = 2CE790CD289F7D8E00C3BB2B /* CustomTabBarController.swift */; };
		2CE790D0289F7EBA00C3BB2B /* HomeVC.swift in Sources */ = {isa = PBXBuildFile; fileRef = 2CE790CF289F7EBA00C3BB2B /* HomeVC.swift */; };
		2CE790D2289F7EE100C3BB2B /* AppsVC.swift in Sources */ = {isa = PBXBuildFile; fileRef = 2CE790D1289F7EE100C3BB2B /* AppsVC.swift */; };
		2CE790D4289F7EED00C3BB2B /* ScheduleVC.swift in Sources */ = {isa = PBXBuildFile; fileRef = 2CE790D3289F7EED00C3BB2B /* ScheduleVC.swift */; };
		2CE790D6289F7F1A00C3BB2B /* MapVC.swift in Sources */ = {isa = PBXBuildFile; fileRef = 2CE790D5289F7F1A00C3BB2B /* MapVC.swift */; };
		69BFBEB1A04B2C6AE353124F /* Pods_GoBlueJays_GoBlueJaysUITests.framework in Frameworks */ = {isa = PBXBuildFile; fileRef = 03C5F1B7378DD7BFC2712BEE /* Pods_GoBlueJays_GoBlueJaysUITests.framework */; };
		BD5E3A3DA048A7704949E29F /* Pods_GoBlueJaysTests.framework in Frameworks */ = {isa = PBXBuildFile; fileRef = 33B4BD17669D61C193D9E69B /* Pods_GoBlueJaysTests.framework */; };
/* End PBXBuildFile section */

/* Begin PBXContainerItemProxy section */
		2CE790B1289F72BF00C3BB2B /* PBXContainerItemProxy */ = {
			isa = PBXContainerItemProxy;
			containerPortal = 2CE79092289F72BE00C3BB2B /* Project object */;
			proxyType = 1;
			remoteGlobalIDString = 2CE79099289F72BE00C3BB2B;
			remoteInfo = GoBlueJays;
		};
		2CE790BB289F72BF00C3BB2B /* PBXContainerItemProxy */ = {
			isa = PBXContainerItemProxy;
			containerPortal = 2CE79092289F72BE00C3BB2B /* Project object */;
			proxyType = 1;
			remoteGlobalIDString = 2CE79099289F72BE00C3BB2B;
			remoteInfo = GoBlueJays;
		};
/* End PBXContainerItemProxy section */

/* Begin PBXCopyFilesBuildPhase section */
		2CAB898828ACA10500DD27EA /* Embed Frameworks */ = {
			isa = PBXCopyFilesBuildPhase;
			buildActionMask = 2147483647;
			dstPath = "";
			dstSubfolderSpec = 10;
			files = (
				2CAB898728ACA10500DD27EA /* BuildFile in Embed Frameworks */,
			);
			name = "Embed Frameworks";
			runOnlyForDeploymentPostprocessing = 0;
		};
/* End PBXCopyFilesBuildPhase section */

/* Begin PBXFileReference section */
		03C5F1B7378DD7BFC2712BEE /* Pods_GoBlueJays_GoBlueJaysUITests.framework */ = {isa = PBXFileReference; explicitFileType = wrapper.framework; includeInIndex = 0; path = Pods_GoBlueJays_GoBlueJaysUITests.framework; sourceTree = BUILT_PRODUCTS_DIR; };
		0A8F5301DFED4217E0526A30 /* Pods-GoBlueJays-GoBlueJaysUITests.debug.xcconfig */ = {isa = PBXFileReference; includeInIndex = 1; lastKnownFileType = text.xcconfig; name = "Pods-GoBlueJays-GoBlueJaysUITests.debug.xcconfig"; path = "Target Support Files/Pods-GoBlueJays-GoBlueJaysUITests/Pods-GoBlueJays-GoBlueJaysUITests.debug.xcconfig"; sourceTree = "<group>"; };
		26BB145DEC45DE63F98CCBF3 /* Pods_GoBlueJays.framework */ = {isa = PBXFileReference; explicitFileType = wrapper.framework; includeInIndex = 0; path = Pods_GoBlueJays.framework; sourceTree = BUILT_PRODUCTS_DIR; };
		2C83283228A7DC5A00EBA59B /* AcademicsVC.swift */ = {isa = PBXFileReference; lastKnownFileType = sourcecode.swift; path = AcademicsVC.swift; sourceTree = "<group>"; };
		2CB79C8F28A9DA1C00744FF8 /* Detail.swift */ = {isa = PBXFileReference; lastKnownFileType = sourcecode.swift; path = Detail.swift; sourceTree = "<group>"; };
		2CB79C9628A9E43900744FF8 /* IconCell.swift */ = {isa = PBXFileReference; lastKnownFileType = sourcecode.swift; path = IconCell.swift; sourceTree = "<group>"; };
		2CB79C9728A9E43900744FF8 /* IconCell.xib */ = {isa = PBXFileReference; lastKnownFileType = file.xib; path = IconCell.xib; sourceTree = "<group>"; };
		2CC9F07228A22BE300E337CA /* GooglePlacesManager.swift */ = {isa = PBXFileReference; lastKnownFileType = sourcecode.swift; path = GooglePlacesManager.swift; sourceTree = "<group>"; };
		2CD9277528A1D59000C45293 /* ResultsViewController.swift */ = {isa = PBXFileReference; lastKnownFileType = sourcecode.swift; path = ResultsViewController.swift; sourceTree = "<group>"; };
		2CE7909A289F72BE00C3BB2B /* GoBlueJays.app */ = {isa = PBXFileReference; explicitFileType = wrapper.application; includeInIndex = 0; path = GoBlueJays.app; sourceTree = BUILT_PRODUCTS_DIR; };
		2CE7909D289F72BE00C3BB2B /* AppDelegate.swift */ = {isa = PBXFileReference; lastKnownFileType = sourcecode.swift; path = AppDelegate.swift; sourceTree = "<group>"; };
		2CE7909F289F72BE00C3BB2B /* SceneDelegate.swift */ = {isa = PBXFileReference; lastKnownFileType = sourcecode.swift; path = SceneDelegate.swift; sourceTree = "<group>"; };
		2CE790A1289F72BE00C3BB2B /* ViewController.swift */ = {isa = PBXFileReference; lastKnownFileType = sourcecode.swift; path = ViewController.swift; sourceTree = "<group>"; };
		2CE790A4289F72BE00C3BB2B /* Base */ = {isa = PBXFileReference; lastKnownFileType = file.storyboard; name = Base; path = Base.lproj/Main.storyboard; sourceTree = "<group>"; };
		2CE790A6289F72BF00C3BB2B /* Assets.xcassets */ = {isa = PBXFileReference; lastKnownFileType = folder.assetcatalog; path = Assets.xcassets; sourceTree = "<group>"; };
		2CE790A9289F72BF00C3BB2B /* Base */ = {isa = PBXFileReference; lastKnownFileType = file.storyboard; name = Base; path = Base.lproj/LaunchScreen.storyboard; sourceTree = "<group>"; };
		2CE790AB289F72BF00C3BB2B /* Info.plist */ = {isa = PBXFileReference; lastKnownFileType = text.plist.xml; path = Info.plist; sourceTree = "<group>"; };
		2CE790B0289F72BF00C3BB2B /* GoBlueJaysTests.xctest */ = {isa = PBXFileReference; explicitFileType = wrapper.cfbundle; includeInIndex = 0; path = GoBlueJaysTests.xctest; sourceTree = BUILT_PRODUCTS_DIR; };
		2CE790B4289F72BF00C3BB2B /* GoBlueJaysTests.swift */ = {isa = PBXFileReference; lastKnownFileType = sourcecode.swift; path = GoBlueJaysTests.swift; sourceTree = "<group>"; };
		2CE790BA289F72BF00C3BB2B /* GoBlueJaysUITests.xctest */ = {isa = PBXFileReference; explicitFileType = wrapper.cfbundle; includeInIndex = 0; path = GoBlueJaysUITests.xctest; sourceTree = BUILT_PRODUCTS_DIR; };
		2CE790BE289F72BF00C3BB2B /* GoBlueJaysUITests.swift */ = {isa = PBXFileReference; lastKnownFileType = sourcecode.swift; path = GoBlueJaysUITests.swift; sourceTree = "<group>"; };
		2CE790C0289F72BF00C3BB2B /* GoBlueJaysUITestsLaunchTests.swift */ = {isa = PBXFileReference; lastKnownFileType = sourcecode.swift; path = GoBlueJaysUITestsLaunchTests.swift; sourceTree = "<group>"; };
		2CE790CD289F7D8E00C3BB2B /* CustomTabBarController.swift */ = {isa = PBXFileReference; lastKnownFileType = sourcecode.swift; path = CustomTabBarController.swift; sourceTree = "<group>"; };
		2CE790CF289F7EBA00C3BB2B /* HomeVC.swift */ = {isa = PBXFileReference; lastKnownFileType = sourcecode.swift; path = HomeVC.swift; sourceTree = "<group>"; };
		2CE790D1289F7EE100C3BB2B /* AppsVC.swift */ = {isa = PBXFileReference; lastKnownFileType = sourcecode.swift; path = AppsVC.swift; sourceTree = "<group>"; };
		2CE790D3289F7EED00C3BB2B /* ScheduleVC.swift */ = {isa = PBXFileReference; lastKnownFileType = sourcecode.swift; path = ScheduleVC.swift; sourceTree = "<group>"; };
		2CE790D5289F7F1A00C3BB2B /* MapVC.swift */ = {isa = PBXFileReference; lastKnownFileType = sourcecode.swift; path = MapVC.swift; sourceTree = "<group>"; };
		33B4BD17669D61C193D9E69B /* Pods_GoBlueJaysTests.framework */ = {isa = PBXFileReference; explicitFileType = wrapper.framework; includeInIndex = 0; path = Pods_GoBlueJaysTests.framework; sourceTree = BUILT_PRODUCTS_DIR; };
		367988B1B39120F1F43BAA5A /* Pods-GoBlueJays.debug.xcconfig */ = {isa = PBXFileReference; includeInIndex = 1; lastKnownFileType = text.xcconfig; name = "Pods-GoBlueJays.debug.xcconfig"; path = "Target Support Files/Pods-GoBlueJays/Pods-GoBlueJays.debug.xcconfig"; sourceTree = "<group>"; };
		3C10DE7CCF8E819FA93345F1 /* Pods-GoBlueJays.release.xcconfig */ = {isa = PBXFileReference; includeInIndex = 1; lastKnownFileType = text.xcconfig; name = "Pods-GoBlueJays.release.xcconfig"; path = "Target Support Files/Pods-GoBlueJays/Pods-GoBlueJays.release.xcconfig"; sourceTree = "<group>"; };
		43858E8B78BA2F6995975FBD /* Pods-GoBlueJays-GoBlueJaysUITests.release.xcconfig */ = {isa = PBXFileReference; includeInIndex = 1; lastKnownFileType = text.xcconfig; name = "Pods-GoBlueJays-GoBlueJaysUITests.release.xcconfig"; path = "Target Support Files/Pods-GoBlueJays-GoBlueJaysUITests/Pods-GoBlueJays-GoBlueJaysUITests.release.xcconfig"; sourceTree = "<group>"; };
		9F5F6ED448E629EE5B2D37F6 /* Pods-GoBlueJaysTests.debug.xcconfig */ = {isa = PBXFileReference; includeInIndex = 1; lastKnownFileType = text.xcconfig; name = "Pods-GoBlueJaysTests.debug.xcconfig"; path = "Target Support Files/Pods-GoBlueJaysTests/Pods-GoBlueJaysTests.debug.xcconfig"; sourceTree = "<group>"; };
		CA958F5EA826AE897127C545 /* Pods-GoBlueJaysTests.release.xcconfig */ = {isa = PBXFileReference; includeInIndex = 1; lastKnownFileType = text.xcconfig; name = "Pods-GoBlueJaysTests.release.xcconfig"; path = "Target Support Files/Pods-GoBlueJaysTests/Pods-GoBlueJaysTests.release.xcconfig"; sourceTree = "<group>"; };
/* End PBXFileReference section */

/* Begin PBXFrameworksBuildPhase section */
		2CE79097289F72BE00C3BB2B /* Frameworks */ = {
			isa = PBXFrameworksBuildPhase;
			buildActionMask = 2147483647;
			files = (
				258DD612243BCD526094A208 /* Pods_GoBlueJays.framework in Frameworks */,
			);
			runOnlyForDeploymentPostprocessing = 0;
		};
		2CE790AD289F72BF00C3BB2B /* Frameworks */ = {
			isa = PBXFrameworksBuildPhase;
			buildActionMask = 2147483647;
			files = (
				BD5E3A3DA048A7704949E29F /* Pods_GoBlueJaysTests.framework in Frameworks */,
			);
			runOnlyForDeploymentPostprocessing = 0;
		};
		2CE790B7289F72BF00C3BB2B /* Frameworks */ = {
			isa = PBXFrameworksBuildPhase;
			buildActionMask = 2147483647;
			files = (
				69BFBEB1A04B2C6AE353124F /* Pods_GoBlueJays_GoBlueJaysUITests.framework in Frameworks */,
			);
			runOnlyForDeploymentPostprocessing = 0;
		};
/* End PBXFrameworksBuildPhase section */

/* Begin PBXGroup section */
		2A1FA4102B96A5AF4087A64F /* Pods */ = {
			isa = PBXGroup;
			children = (
				367988B1B39120F1F43BAA5A /* Pods-GoBlueJays.debug.xcconfig */,
				3C10DE7CCF8E819FA93345F1 /* Pods-GoBlueJays.release.xcconfig */,
				0A8F5301DFED4217E0526A30 /* Pods-GoBlueJays-GoBlueJaysUITests.debug.xcconfig */,
				43858E8B78BA2F6995975FBD /* Pods-GoBlueJays-GoBlueJaysUITests.release.xcconfig */,
				9F5F6ED448E629EE5B2D37F6 /* Pods-GoBlueJaysTests.debug.xcconfig */,
				CA958F5EA826AE897127C545 /* Pods-GoBlueJaysTests.release.xcconfig */,
			);
			path = Pods;
			sourceTree = "<group>";
		};
		2CB79C8E28A9D9FA00744FF8 /* Models */ = {
			isa = PBXGroup;
			children = (
				2CB79C8F28A9DA1C00744FF8 /* Detail.swift */,
			);
			path = Models;
			sourceTree = "<group>";
		};
		2CB79C9128A9E2F800744FF8 /* Views */ = {
			isa = PBXGroup;
			children = (
				2CE790A3289F72BE00C3BB2B /* Main.storyboard */,
				2CB79C9628A9E43900744FF8 /* IconCell.swift */,
				2CB79C9728A9E43900744FF8 /* IconCell.xib */,
			);
			path = Views;
			sourceTree = "<group>";
		};
		2CB79C9328A9E38500744FF8 /* Controller */ = {
			isa = PBXGroup;
			children = (
				2CE790D5289F7F1A00C3BB2B /* MapVC.swift */,
				2CD9277528A1D59000C45293 /* ResultsViewController.swift */,
				2CE790CD289F7D8E00C3BB2B /* CustomTabBarController.swift */,
				2CE790D1289F7EE100C3BB2B /* AppsVC.swift */,
				2CE790CF289F7EBA00C3BB2B /* HomeVC.swift */,
				2CE790A1289F72BE00C3BB2B /* ViewController.swift */,
				2CE790D3289F7EED00C3BB2B /* ScheduleVC.swift */,
				2C83283228A7DC5A00EBA59B /* AcademicsVC.swift */,
			);
			path = Controller;
			sourceTree = "<group>";
		};
		2CE79091289F72BE00C3BB2B = {
			isa = PBXGroup;
			children = (
				2CE7909C289F72BE00C3BB2B /* GoBlueJays */,
				2CE790B3289F72BF00C3BB2B /* GoBlueJaysTests */,
				2CE790BD289F72BF00C3BB2B /* GoBlueJaysUITests */,
				2CE7909B289F72BE00C3BB2B /* Products */,
				2A1FA4102B96A5AF4087A64F /* Pods */,
				71E5B96EE5D235894667D01A /* Frameworks */,
			);
			sourceTree = "<group>";
		};
		2CE7909B289F72BE00C3BB2B /* Products */ = {
			isa = PBXGroup;
			children = (
				2CE7909A289F72BE00C3BB2B /* GoBlueJays.app */,
				2CE790B0289F72BF00C3BB2B /* GoBlueJaysTests.xctest */,
				2CE790BA289F72BF00C3BB2B /* GoBlueJaysUITests.xctest */,
			);
			name = Products;
			sourceTree = "<group>";
		};
		2CE7909C289F72BE00C3BB2B /* GoBlueJays */ = {
			isa = PBXGroup;
			children = (
				2CE7909D289F72BE00C3BB2B /* AppDelegate.swift */,
				2CE7909F289F72BE00C3BB2B /* SceneDelegate.swift */,
				2CB79C9128A9E2F800744FF8 /* Views */,
				2CC9F07228A22BE300E337CA /* GooglePlacesManager.swift */,
				2CB79C9328A9E38500744FF8 /* Controller */,
				2CB79C8E28A9D9FA00744FF8 /* Models */,
				2CE790A6289F72BF00C3BB2B /* Assets.xcassets */,
				2CE790A8289F72BF00C3BB2B /* LaunchScreen.storyboard */,
				2CE790AB289F72BF00C3BB2B /* Info.plist */,
			);
			path = GoBlueJays;
			sourceTree = "<group>";
		};
		2CE790B3289F72BF00C3BB2B /* GoBlueJaysTests */ = {
			isa = PBXGroup;
			children = (
				2CE790B4289F72BF00C3BB2B /* GoBlueJaysTests.swift */,
			);
			path = GoBlueJaysTests;
			sourceTree = "<group>";
		};
		2CE790BD289F72BF00C3BB2B /* GoBlueJaysUITests */ = {
			isa = PBXGroup;
			children = (
				2CE790BE289F72BF00C3BB2B /* GoBlueJaysUITests.swift */,
				2CE790C0289F72BF00C3BB2B /* GoBlueJaysUITestsLaunchTests.swift */,
			);
			path = GoBlueJaysUITests;
			sourceTree = "<group>";
		};
		71E5B96EE5D235894667D01A /* Frameworks */ = {
			isa = PBXGroup;
			children = (
				26BB145DEC45DE63F98CCBF3 /* Pods_GoBlueJays.framework */,
				03C5F1B7378DD7BFC2712BEE /* Pods_GoBlueJays_GoBlueJaysUITests.framework */,
				33B4BD17669D61C193D9E69B /* Pods_GoBlueJaysTests.framework */,
			);
			name = Frameworks;
			sourceTree = "<group>";
		};
/* End PBXGroup section */

/* Begin PBXNativeTarget section */
		2CE79099289F72BE00C3BB2B /* GoBlueJays */ = {
			isa = PBXNativeTarget;
			buildConfigurationList = 2CE790C4289F72BF00C3BB2B /* Build configuration list for PBXNativeTarget "GoBlueJays" */;
			buildPhases = (
				A119A8E196A180821B4EE720 /* [CP] Check Pods Manifest.lock */,
				2CE79096289F72BE00C3BB2B /* Sources */,
				2CE79097289F72BE00C3BB2B /* Frameworks */,
				2CE79098289F72BE00C3BB2B /* Resources */,
				2CAB898828ACA10500DD27EA /* Embed Frameworks */,
				19504DC8CBB46EB81DA350DF /* [CP] Embed Pods Frameworks */,
				04B2B456E2DEE9D7AAF56E01 /* [CP] Copy Pods Resources */,
			);
			buildRules = (
			);
			dependencies = (
			);
			name = GoBlueJays;
			productName = GoBlueJays;
			productReference = 2CE7909A289F72BE00C3BB2B /* GoBlueJays.app */;
			productType = "com.apple.product-type.application";
		};
		2CE790AF289F72BF00C3BB2B /* GoBlueJaysTests */ = {
			isa = PBXNativeTarget;
			buildConfigurationList = 2CE790C7289F72BF00C3BB2B /* Build configuration list for PBXNativeTarget "GoBlueJaysTests" */;
			buildPhases = (
				D44931BA34F50527908B5B9D /* [CP] Check Pods Manifest.lock */,
				2CE790AC289F72BF00C3BB2B /* Sources */,
				2CE790AD289F72BF00C3BB2B /* Frameworks */,
				2CE790AE289F72BF00C3BB2B /* Resources */,
			);
			buildRules = (
			);
			dependencies = (
				2CE790B2289F72BF00C3BB2B /* PBXTargetDependency */,
			);
			name = GoBlueJaysTests;
			productName = GoBlueJaysTests;
			productReference = 2CE790B0289F72BF00C3BB2B /* GoBlueJaysTests.xctest */;
			productType = "com.apple.product-type.bundle.unit-test";
		};
		2CE790B9289F72BF00C3BB2B /* GoBlueJaysUITests */ = {
			isa = PBXNativeTarget;
			buildConfigurationList = 2CE790CA289F72BF00C3BB2B /* Build configuration list for PBXNativeTarget "GoBlueJaysUITests" */;
			buildPhases = (
				CAC18F788DF6F97152480058 /* [CP] Check Pods Manifest.lock */,
				2CE790B6289F72BF00C3BB2B /* Sources */,
				2CE790B7289F72BF00C3BB2B /* Frameworks */,
				2CE790B8289F72BF00C3BB2B /* Resources */,
				2E20D8AD0E102C45D45320A2 /* [CP] Embed Pods Frameworks */,
				C95FCD99AFAF32DC058ED469 /* [CP] Copy Pods Resources */,
			);
			buildRules = (
			);
			dependencies = (
				2CE790BC289F72BF00C3BB2B /* PBXTargetDependency */,
			);
			name = GoBlueJaysUITests;
			productName = GoBlueJaysUITests;
			productReference = 2CE790BA289F72BF00C3BB2B /* GoBlueJaysUITests.xctest */;
			productType = "com.apple.product-type.bundle.ui-testing";
		};
/* End PBXNativeTarget section */

/* Begin PBXProject section */
		2CE79092289F72BE00C3BB2B /* Project object */ = {
			isa = PBXProject;
			attributes = {
				BuildIndependentTargetsInParallel = 1;
				LastSwiftUpdateCheck = 1340;
				LastUpgradeCheck = 1340;
				TargetAttributes = {
					2CE79099289F72BE00C3BB2B = {
						CreatedOnToolsVersion = 13.4.1;
					};
					2CE790AF289F72BF00C3BB2B = {
						CreatedOnToolsVersion = 13.4.1;
						TestTargetID = 2CE79099289F72BE00C3BB2B;
					};
					2CE790B9289F72BF00C3BB2B = {
						CreatedOnToolsVersion = 13.4.1;
						TestTargetID = 2CE79099289F72BE00C3BB2B;
					};
				};
			};
			buildConfigurationList = 2CE79095289F72BE00C3BB2B /* Build configuration list for PBXProject "GoBlueJays" */;
			compatibilityVersion = "Xcode 13.0";
			developmentRegion = en;
			hasScannedForEncodings = 0;
			knownRegions = (
				en,
				Base,
			);
			mainGroup = 2CE79091289F72BE00C3BB2B;
			productRefGroup = 2CE7909B289F72BE00C3BB2B /* Products */;
			projectDirPath = "";
			projectRoot = "";
			targets = (
				2CE79099289F72BE00C3BB2B /* GoBlueJays */,
				2CE790AF289F72BF00C3BB2B /* GoBlueJaysTests */,
				2CE790B9289F72BF00C3BB2B /* GoBlueJaysUITests */,
			);
		};
/* End PBXProject section */

/* Begin PBXResourcesBuildPhase section */
		2CE79098289F72BE00C3BB2B /* Resources */ = {
			isa = PBXResourcesBuildPhase;
			buildActionMask = 2147483647;
			files = (
				2CE790AA289F72BF00C3BB2B /* LaunchScreen.storyboard in Resources */,
				2CE790A7289F72BF00C3BB2B /* Assets.xcassets in Resources */,
				2CB79C9928A9E43900744FF8 /* IconCell.xib in Resources */,
				2CE790A5289F72BE00C3BB2B /* Main.storyboard in Resources */,
			);
			runOnlyForDeploymentPostprocessing = 0;
		};
		2CE790AE289F72BF00C3BB2B /* Resources */ = {
			isa = PBXResourcesBuildPhase;
			buildActionMask = 2147483647;
			files = (
			);
			runOnlyForDeploymentPostprocessing = 0;
		};
		2CE790B8289F72BF00C3BB2B /* Resources */ = {
			isa = PBXResourcesBuildPhase;
			buildActionMask = 2147483647;
			files = (
			);
			runOnlyForDeploymentPostprocessing = 0;
		};
/* End PBXResourcesBuildPhase section */

/* Begin PBXShellScriptBuildPhase section */
		04B2B456E2DEE9D7AAF56E01 /* [CP] Copy Pods Resources */ = {
			isa = PBXShellScriptBuildPhase;
			buildActionMask = 2147483647;
			files = (
			);
			inputFileListPaths = (
				"${PODS_ROOT}/Target Support Files/Pods-GoBlueJays/Pods-GoBlueJays-resources-${CONFIGURATION}-input-files.xcfilelist",
			);
			name = "[CP] Copy Pods Resources";
			outputFileListPaths = (
				"${PODS_ROOT}/Target Support Files/Pods-GoBlueJays/Pods-GoBlueJays-resources-${CONFIGURATION}-output-files.xcfilelist",
			);
			runOnlyForDeploymentPostprocessing = 0;
			shellPath = /bin/sh;
			shellScript = "\"${PODS_ROOT}/Target Support Files/Pods-GoBlueJays/Pods-GoBlueJays-resources.sh\"\n";
			showEnvVarsInLog = 0;
		};
		19504DC8CBB46EB81DA350DF /* [CP] Embed Pods Frameworks */ = {
			isa = PBXShellScriptBuildPhase;
			buildActionMask = 2147483647;
			files = (
			);
			inputFileListPaths = (
				"${PODS_ROOT}/Target Support Files/Pods-GoBlueJays/Pods-GoBlueJays-frameworks-${CONFIGURATION}-input-files.xcfilelist",
			);
			name = "[CP] Embed Pods Frameworks";
			outputFileListPaths = (
				"${PODS_ROOT}/Target Support Files/Pods-GoBlueJays/Pods-GoBlueJays-frameworks-${CONFIGURATION}-output-files.xcfilelist",
			);
			runOnlyForDeploymentPostprocessing = 0;
			shellPath = /bin/sh;
			shellScript = "\"${PODS_ROOT}/Target Support Files/Pods-GoBlueJays/Pods-GoBlueJays-frameworks.sh\"\n";
			showEnvVarsInLog = 0;
		};
		2E20D8AD0E102C45D45320A2 /* [CP] Embed Pods Frameworks */ = {
			isa = PBXShellScriptBuildPhase;
			buildActionMask = 2147483647;
			files = (
			);
			inputFileListPaths = (
				"${PODS_ROOT}/Target Support Files/Pods-GoBlueJays-GoBlueJaysUITests/Pods-GoBlueJays-GoBlueJaysUITests-frameworks-${CONFIGURATION}-input-files.xcfilelist",
			);
			name = "[CP] Embed Pods Frameworks";
			outputFileListPaths = (
				"${PODS_ROOT}/Target Support Files/Pods-GoBlueJays-GoBlueJaysUITests/Pods-GoBlueJays-GoBlueJaysUITests-frameworks-${CONFIGURATION}-output-files.xcfilelist",
			);
			runOnlyForDeploymentPostprocessing = 0;
			shellPath = /bin/sh;
			shellScript = "\"${PODS_ROOT}/Target Support Files/Pods-GoBlueJays-GoBlueJaysUITests/Pods-GoBlueJays-GoBlueJaysUITests-frameworks.sh\"\n";
			showEnvVarsInLog = 0;
		};
		A119A8E196A180821B4EE720 /* [CP] Check Pods Manifest.lock */ = {
			isa = PBXShellScriptBuildPhase;
			buildActionMask = 2147483647;
			files = (
			);
			inputFileListPaths = (
			);
			inputPaths = (
				"${PODS_PODFILE_DIR_PATH}/Podfile.lock",
				"${PODS_ROOT}/Manifest.lock",
			);
			name = "[CP] Check Pods Manifest.lock";
			outputFileListPaths = (
			);
			outputPaths = (
				"$(DERIVED_FILE_DIR)/Pods-GoBlueJays-checkManifestLockResult.txt",
			);
			runOnlyForDeploymentPostprocessing = 0;
			shellPath = /bin/sh;
			shellScript = "diff \"${PODS_PODFILE_DIR_PATH}/Podfile.lock\" \"${PODS_ROOT}/Manifest.lock\" > /dev/null\nif [ $? != 0 ] ; then\n    # print error to STDERR\n    echo \"error: The sandbox is not in sync with the Podfile.lock. Run 'pod install' or update your CocoaPods installation.\" >&2\n    exit 1\nfi\n# This output is used by Xcode 'outputs' to avoid re-running this script phase.\necho \"SUCCESS\" > \"${SCRIPT_OUTPUT_FILE_0}\"\n";
			showEnvVarsInLog = 0;
		};
		C95FCD99AFAF32DC058ED469 /* [CP] Copy Pods Resources */ = {
			isa = PBXShellScriptBuildPhase;
			buildActionMask = 2147483647;
			files = (
			);
			inputFileListPaths = (
				"${PODS_ROOT}/Target Support Files/Pods-GoBlueJays-GoBlueJaysUITests/Pods-GoBlueJays-GoBlueJaysUITests-resources-${CONFIGURATION}-input-files.xcfilelist",
			);
			name = "[CP] Copy Pods Resources";
			outputFileListPaths = (
				"${PODS_ROOT}/Target Support Files/Pods-GoBlueJays-GoBlueJaysUITests/Pods-GoBlueJays-GoBlueJaysUITests-resources-${CONFIGURATION}-output-files.xcfilelist",
			);
			runOnlyForDeploymentPostprocessing = 0;
			shellPath = /bin/sh;
			shellScript = "\"${PODS_ROOT}/Target Support Files/Pods-GoBlueJays-GoBlueJaysUITests/Pods-GoBlueJays-GoBlueJaysUITests-resources.sh\"\n";
			showEnvVarsInLog = 0;
		};
		CAC18F788DF6F97152480058 /* [CP] Check Pods Manifest.lock */ = {
			isa = PBXShellScriptBuildPhase;
			buildActionMask = 2147483647;
			files = (
			);
			inputFileListPaths = (
			);
			inputPaths = (
				"${PODS_PODFILE_DIR_PATH}/Podfile.lock",
				"${PODS_ROOT}/Manifest.lock",
			);
			name = "[CP] Check Pods Manifest.lock";
			outputFileListPaths = (
			);
			outputPaths = (
				"$(DERIVED_FILE_DIR)/Pods-GoBlueJays-GoBlueJaysUITests-checkManifestLockResult.txt",
			);
			runOnlyForDeploymentPostprocessing = 0;
			shellPath = /bin/sh;
			shellScript = "diff \"${PODS_PODFILE_DIR_PATH}/Podfile.lock\" \"${PODS_ROOT}/Manifest.lock\" > /dev/null\nif [ $? != 0 ] ; then\n    # print error to STDERR\n    echo \"error: The sandbox is not in sync with the Podfile.lock. Run 'pod install' or update your CocoaPods installation.\" >&2\n    exit 1\nfi\n# This output is used by Xcode 'outputs' to avoid re-running this script phase.\necho \"SUCCESS\" > \"${SCRIPT_OUTPUT_FILE_0}\"\n";
			showEnvVarsInLog = 0;
		};
		D44931BA34F50527908B5B9D /* [CP] Check Pods Manifest.lock */ = {
			isa = PBXShellScriptBuildPhase;
			buildActionMask = 2147483647;
			files = (
			);
			inputFileListPaths = (
			);
			inputPaths = (
				"${PODS_PODFILE_DIR_PATH}/Podfile.lock",
				"${PODS_ROOT}/Manifest.lock",
			);
			name = "[CP] Check Pods Manifest.lock";
			outputFileListPaths = (
			);
			outputPaths = (
				"$(DERIVED_FILE_DIR)/Pods-GoBlueJaysTests-checkManifestLockResult.txt",
			);
			runOnlyForDeploymentPostprocessing = 0;
			shellPath = /bin/sh;
			shellScript = "diff \"${PODS_PODFILE_DIR_PATH}/Podfile.lock\" \"${PODS_ROOT}/Manifest.lock\" > /dev/null\nif [ $? != 0 ] ; then\n    # print error to STDERR\n    echo \"error: The sandbox is not in sync with the Podfile.lock. Run 'pod install' or update your CocoaPods installation.\" >&2\n    exit 1\nfi\n# This output is used by Xcode 'outputs' to avoid re-running this script phase.\necho \"SUCCESS\" > \"${SCRIPT_OUTPUT_FILE_0}\"\n";
			showEnvVarsInLog = 0;
		};
/* End PBXShellScriptBuildPhase section */

/* Begin PBXSourcesBuildPhase section */
		2CE79096289F72BE00C3BB2B /* Sources */ = {
			isa = PBXSourcesBuildPhase;
			buildActionMask = 2147483647;
			files = (
				2CE790D4289F7EED00C3BB2B /* ScheduleVC.swift in Sources */,
				2CE790A2289F72BE00C3BB2B /* ViewController.swift in Sources */,
				2CB79C9028A9DA1C00744FF8 /* Detail.swift in Sources */,
				2CE790D0289F7EBA00C3BB2B /* HomeVC.swift in Sources */,
				2CE7909E289F72BE00C3BB2B /* AppDelegate.swift in Sources */,
				2CC9F07328A22BE300E337CA /* GooglePlacesManager.swift in Sources */,
				2CE790CE289F7D8E00C3BB2B /* CustomTabBarController.swift in Sources */,
				2CB79C9828A9E43900744FF8 /* IconCell.swift in Sources */,
				2C83283328A7DC5A00EBA59B /* AcademicsVC.swift in Sources */,
				2CD9277628A1D59000C45293 /* ResultsViewController.swift in Sources */,
				2CE790D6289F7F1A00C3BB2B /* MapVC.swift in Sources */,
				2CE790D2289F7EE100C3BB2B /* AppsVC.swift in Sources */,
				2CE790A0289F72BE00C3BB2B /* SceneDelegate.swift in Sources */,
			);
			runOnlyForDeploymentPostprocessing = 0;
		};
		2CE790AC289F72BF00C3BB2B /* Sources */ = {
			isa = PBXSourcesBuildPhase;
			buildActionMask = 2147483647;
			files = (
				2CE790B5289F72BF00C3BB2B /* GoBlueJaysTests.swift in Sources */,
			);
			runOnlyForDeploymentPostprocessing = 0;
		};
		2CE790B6289F72BF00C3BB2B /* Sources */ = {
			isa = PBXSourcesBuildPhase;
			buildActionMask = 2147483647;
			files = (
				2CE790BF289F72BF00C3BB2B /* GoBlueJaysUITests.swift in Sources */,
				2CE790C1289F72BF00C3BB2B /* GoBlueJaysUITestsLaunchTests.swift in Sources */,
			);
			runOnlyForDeploymentPostprocessing = 0;
		};
/* End PBXSourcesBuildPhase section */

/* Begin PBXTargetDependency section */
		2CE790B2289F72BF00C3BB2B /* PBXTargetDependency */ = {
			isa = PBXTargetDependency;
			target = 2CE79099289F72BE00C3BB2B /* GoBlueJays */;
			targetProxy = 2CE790B1289F72BF00C3BB2B /* PBXContainerItemProxy */;
		};
		2CE790BC289F72BF00C3BB2B /* PBXTargetDependency */ = {
			isa = PBXTargetDependency;
			target = 2CE79099289F72BE00C3BB2B /* GoBlueJays */;
			targetProxy = 2CE790BB289F72BF00C3BB2B /* PBXContainerItemProxy */;
		};
/* End PBXTargetDependency section */

/* Begin PBXVariantGroup section */
		2CE790A3289F72BE00C3BB2B /* Main.storyboard */ = {
			isa = PBXVariantGroup;
			children = (
				2CE790A4289F72BE00C3BB2B /* Base */,
			);
			name = Main.storyboard;
			sourceTree = "<group>";
		};
		2CE790A8289F72BF00C3BB2B /* LaunchScreen.storyboard */ = {
			isa = PBXVariantGroup;
			children = (
				2CE790A9289F72BF00C3BB2B /* Base */,
			);
			name = LaunchScreen.storyboard;
			sourceTree = "<group>";
		};
/* End PBXVariantGroup section */

/* Begin XCBuildConfiguration section */
		2CE790C2289F72BF00C3BB2B /* Debug */ = {
			isa = XCBuildConfiguration;
			buildSettings = {
				ALWAYS_SEARCH_USER_PATHS = NO;
				ARCHS = "$(ARCHS_STANDARD)";
				CLANG_ANALYZER_NONNULL = YES;
				CLANG_ANALYZER_NUMBER_OBJECT_CONVERSION = YES_AGGRESSIVE;
				CLANG_CXX_LANGUAGE_STANDARD = "gnu++17";
				CLANG_ENABLE_MODULES = YES;
				CLANG_ENABLE_OBJC_ARC = YES;
				CLANG_ENABLE_OBJC_WEAK = YES;
				CLANG_WARN_BLOCK_CAPTURE_AUTORELEASING = YES;
				CLANG_WARN_BOOL_CONVERSION = YES;
				CLANG_WARN_COMMA = YES;
				CLANG_WARN_CONSTANT_CONVERSION = YES;
				CLANG_WARN_DEPRECATED_OBJC_IMPLEMENTATIONS = YES;
				CLANG_WARN_DIRECT_OBJC_ISA_USAGE = YES_ERROR;
				CLANG_WARN_DOCUMENTATION_COMMENTS = YES;
				CLANG_WARN_EMPTY_BODY = YES;
				CLANG_WARN_ENUM_CONVERSION = YES;
				CLANG_WARN_INFINITE_RECURSION = YES;
				CLANG_WARN_INT_CONVERSION = YES;
				CLANG_WARN_NON_LITERAL_NULL_CONVERSION = YES;
				CLANG_WARN_OBJC_IMPLICIT_RETAIN_SELF = YES;
				CLANG_WARN_OBJC_LITERAL_CONVERSION = YES;
				CLANG_WARN_OBJC_ROOT_CLASS = YES_ERROR;
				CLANG_WARN_QUOTED_INCLUDE_IN_FRAMEWORK_HEADER = YES;
				CLANG_WARN_RANGE_LOOP_ANALYSIS = YES;
				CLANG_WARN_STRICT_PROTOTYPES = YES;
				CLANG_WARN_SUSPICIOUS_MOVE = YES;
				CLANG_WARN_UNGUARDED_AVAILABILITY = YES_AGGRESSIVE;
				CLANG_WARN_UNREACHABLE_CODE = YES;
				CLANG_WARN__DUPLICATE_METHOD_MATCH = YES;
				COPY_PHASE_STRIP = NO;
				DEBUG_INFORMATION_FORMAT = dwarf;
				ENABLE_STRICT_OBJC_MSGSEND = YES;
				ENABLE_TESTABILITY = YES;
				GCC_C_LANGUAGE_STANDARD = gnu11;
				GCC_DYNAMIC_NO_PIC = NO;
				GCC_NO_COMMON_BLOCKS = YES;
				GCC_OPTIMIZATION_LEVEL = 0;
				GCC_PREPROCESSOR_DEFINITIONS = (
					"DEBUG=1",
					"$(inherited)",
				);
				GCC_WARN_64_TO_32_BIT_CONVERSION = YES;
				GCC_WARN_ABOUT_RETURN_TYPE = YES_ERROR;
				GCC_WARN_UNDECLARED_SELECTOR = YES;
				GCC_WARN_UNINITIALIZED_AUTOS = YES_AGGRESSIVE;
				GCC_WARN_UNUSED_FUNCTION = YES;
				GCC_WARN_UNUSED_VARIABLE = YES;
				IPHONEOS_DEPLOYMENT_TARGET = 14.1;
				MTL_ENABLE_DEBUG_INFO = INCLUDE_SOURCE;
				MTL_FAST_MATH = YES;
				ONLY_ACTIVE_ARCH = YES;
				SDKROOT = iphoneos;
				SWIFT_ACTIVE_COMPILATION_CONDITIONS = DEBUG;
				SWIFT_OPTIMIZATION_LEVEL = "-Onone";
			};
			name = Debug;
		};
		2CE790C3289F72BF00C3BB2B /* Release */ = {
			isa = XCBuildConfiguration;
			buildSettings = {
				ALWAYS_SEARCH_USER_PATHS = NO;
				ARCHS = "$(ARCHS_STANDARD)";
				CLANG_ANALYZER_NONNULL = YES;
				CLANG_ANALYZER_NUMBER_OBJECT_CONVERSION = YES_AGGRESSIVE;
				CLANG_CXX_LANGUAGE_STANDARD = "gnu++17";
				CLANG_ENABLE_MODULES = YES;
				CLANG_ENABLE_OBJC_ARC = YES;
				CLANG_ENABLE_OBJC_WEAK = YES;
				CLANG_WARN_BLOCK_CAPTURE_AUTORELEASING = YES;
				CLANG_WARN_BOOL_CONVERSION = YES;
				CLANG_WARN_COMMA = YES;
				CLANG_WARN_CONSTANT_CONVERSION = YES;
				CLANG_WARN_DEPRECATED_OBJC_IMPLEMENTATIONS = YES;
				CLANG_WARN_DIRECT_OBJC_ISA_USAGE = YES_ERROR;
				CLANG_WARN_DOCUMENTATION_COMMENTS = YES;
				CLANG_WARN_EMPTY_BODY = YES;
				CLANG_WARN_ENUM_CONVERSION = YES;
				CLANG_WARN_INFINITE_RECURSION = YES;
				CLANG_WARN_INT_CONVERSION = YES;
				CLANG_WARN_NON_LITERAL_NULL_CONVERSION = YES;
				CLANG_WARN_OBJC_IMPLICIT_RETAIN_SELF = YES;
				CLANG_WARN_OBJC_LITERAL_CONVERSION = YES;
				CLANG_WARN_OBJC_ROOT_CLASS = YES_ERROR;
				CLANG_WARN_QUOTED_INCLUDE_IN_FRAMEWORK_HEADER = YES;
				CLANG_WARN_RANGE_LOOP_ANALYSIS = YES;
				CLANG_WARN_STRICT_PROTOTYPES = YES;
				CLANG_WARN_SUSPICIOUS_MOVE = YES;
				CLANG_WARN_UNGUARDED_AVAILABILITY = YES_AGGRESSIVE;
				CLANG_WARN_UNREACHABLE_CODE = YES;
				CLANG_WARN__DUPLICATE_METHOD_MATCH = YES;
				COPY_PHASE_STRIP = NO;
				DEBUG_INFORMATION_FORMAT = "dwarf-with-dsym";
				ENABLE_NS_ASSERTIONS = NO;
				ENABLE_STRICT_OBJC_MSGSEND = YES;
				GCC_C_LANGUAGE_STANDARD = gnu11;
				GCC_NO_COMMON_BLOCKS = YES;
				GCC_WARN_64_TO_32_BIT_CONVERSION = YES;
				GCC_WARN_ABOUT_RETURN_TYPE = YES_ERROR;
				GCC_WARN_UNDECLARED_SELECTOR = YES;
				GCC_WARN_UNINITIALIZED_AUTOS = YES_AGGRESSIVE;
				GCC_WARN_UNUSED_FUNCTION = YES;
				GCC_WARN_UNUSED_VARIABLE = YES;
				IPHONEOS_DEPLOYMENT_TARGET = 14.1;
				MTL_ENABLE_DEBUG_INFO = NO;
				MTL_FAST_MATH = YES;
				ONLY_ACTIVE_ARCH = YES;
				SDKROOT = iphoneos;
				SWIFT_COMPILATION_MODE = wholemodule;
				SWIFT_OPTIMIZATION_LEVEL = "-O";
				VALIDATE_PRODUCT = YES;
			};
			name = Release;
		};
		2CE790C5289F72BF00C3BB2B /* Debug */ = {
			isa = XCBuildConfiguration;
			baseConfigurationReference = 367988B1B39120F1F43BAA5A /* Pods-GoBlueJays.debug.xcconfig */;
			buildSettings = {
				ASSETCATALOG_COMPILER_APPICON_NAME = AppIcon;
				ASSETCATALOG_COMPILER_GLOBAL_ACCENT_COLOR_NAME = AccentColor;
				CODE_SIGN_IDENTITY = "Apple Development";
				CODE_SIGN_STYLE = Automatic;
				CURRENT_PROJECT_VERSION = 1;
				DEVELOPMENT_TEAM = G9T2AWPNWG;
				"EXCLUDED_ARCHS[sdk=iphonesimulator*]" = arm64;
				GENERATE_INFOPLIST_FILE = YES;
				INFOPLIST_FILE = GoBlueJays/Info.plist;
				INFOPLIST_KEY_UIApplicationSupportsIndirectInputEvents = YES;
				INFOPLIST_KEY_UILaunchStoryboardName = LaunchScreen;
				INFOPLIST_KEY_UIMainStoryboardFile = Main;
				INFOPLIST_KEY_UISupportedInterfaceOrientations_iPad = "UIInterfaceOrientationPortrait UIInterfaceOrientationPortraitUpsideDown UIInterfaceOrientationLandscapeLeft UIInterfaceOrientationLandscapeRight";
				INFOPLIST_KEY_UISupportedInterfaceOrientations_iPhone = "UIInterfaceOrientationPortrait UIInterfaceOrientationLandscapeLeft UIInterfaceOrientationLandscapeRight";
				IPHONEOS_DEPLOYMENT_TARGET = 14.5;
				LD_RUNPATH_SEARCH_PATHS = (
					"$(inherited)",
					"@executable_path/Frameworks",
				);
				MARKETING_VERSION = 1.0;
				ONLY_ACTIVE_ARCH = YES;
				PRODUCT_BUNDLE_IDENTIFIER = com.jessieluo.GoBlueJays;
				PRODUCT_NAME = "$(TARGET_NAME)";
				PROVISIONING_PROFILE_SPECIFIER = "";
				SWIFT_EMIT_LOC_STRINGS = YES;
				SWIFT_VERSION = 5.0;
				TARGETED_DEVICE_FAMILY = "1,2";
				VALIDATE_WORKSPACE = YES;
			};
			name = Debug;
		};
		2CE790C6289F72BF00C3BB2B /* Release */ = {
			isa = XCBuildConfiguration;
			baseConfigurationReference = 3C10DE7CCF8E819FA93345F1 /* Pods-GoBlueJays.release.xcconfig */;
			buildSettings = {
				ASSETCATALOG_COMPILER_APPICON_NAME = AppIcon;
				ASSETCATALOG_COMPILER_GLOBAL_ACCENT_COLOR_NAME = AccentColor;
				CODE_SIGN_IDENTITY = "Apple Development";
				CODE_SIGN_STYLE = Automatic;
				CURRENT_PROJECT_VERSION = 1;
				DEVELOPMENT_TEAM = G9T2AWPNWG;
				EXCLUDED_ARCHS = "";
				"EXCLUDED_ARCHS[sdk=iphonesimulator*]" = "";
				GENERATE_INFOPLIST_FILE = YES;
				INFOPLIST_FILE = GoBlueJays/Info.plist;
				INFOPLIST_KEY_UIApplicationSupportsIndirectInputEvents = YES;
				INFOPLIST_KEY_UILaunchStoryboardName = LaunchScreen;
				INFOPLIST_KEY_UIMainStoryboardFile = Main;
				INFOPLIST_KEY_UISupportedInterfaceOrientations_iPad = "UIInterfaceOrientationPortrait UIInterfaceOrientationPortraitUpsideDown UIInterfaceOrientationLandscapeLeft UIInterfaceOrientationLandscapeRight";
				INFOPLIST_KEY_UISupportedInterfaceOrientations_iPhone = "UIInterfaceOrientationPortrait UIInterfaceOrientationLandscapeLeft UIInterfaceOrientationLandscapeRight";
				IPHONEOS_DEPLOYMENT_TARGET = 14.5;
				LD_RUNPATH_SEARCH_PATHS = (
					"$(inherited)",
					"@executable_path/Frameworks",
				);
				MARKETING_VERSION = 1.0;
				ONLY_ACTIVE_ARCH = YES;
				PRODUCT_BUNDLE_IDENTIFIER = com.jessieluo.GoBlueJays;
				PRODUCT_NAME = "$(TARGET_NAME)";
				PROVISIONING_PROFILE_SPECIFIER = "";
				SWIFT_EMIT_LOC_STRINGS = YES;
				SWIFT_VERSION = 5.0;
				TARGETED_DEVICE_FAMILY = "1,2";
				VALIDATE_WORKSPACE = YES;
			};
			name = Release;
		};
		2CE790C8289F72BF00C3BB2B /* Debug */ = {
			isa = XCBuildConfiguration;
			baseConfigurationReference = 9F5F6ED448E629EE5B2D37F6 /* Pods-GoBlueJaysTests.debug.xcconfig */;
			buildSettings = {
				ALWAYS_EMBED_SWIFT_STANDARD_LIBRARIES = YES;
				BUNDLE_LOADER = "$(TEST_HOST)";
				CODE_SIGN_STYLE = Automatic;
				CURRENT_PROJECT_VERSION = 1;
				GENERATE_INFOPLIST_FILE = YES;
				IPHONEOS_DEPLOYMENT_TARGET = 15.5;
				MARKETING_VERSION = 1.0;
				PRODUCT_BUNDLE_IDENTIFIER = com.jessieluo.GoBlueJaysTests;
				PRODUCT_NAME = "$(TARGET_NAME)";
				SWIFT_EMIT_LOC_STRINGS = NO;
				SWIFT_VERSION = 5.0;
				TARGETED_DEVICE_FAMILY = "1,2";
				TEST_HOST = "$(BUILT_PRODUCTS_DIR)/GoBlueJays.app/GoBlueJays";
			};
			name = Debug;
		};
		2CE790C9289F72BF00C3BB2B /* Release */ = {
			isa = XCBuildConfiguration;
			baseConfigurationReference = CA958F5EA826AE897127C545 /* Pods-GoBlueJaysTests.release.xcconfig */;
			buildSettings = {
				ALWAYS_EMBED_SWIFT_STANDARD_LIBRARIES = YES;
				BUNDLE_LOADER = "$(TEST_HOST)";
				CODE_SIGN_STYLE = Automatic;
				CURRENT_PROJECT_VERSION = 1;
				GENERATE_INFOPLIST_FILE = YES;
				IPHONEOS_DEPLOYMENT_TARGET = 15.5;
				MARKETING_VERSION = 1.0;
				PRODUCT_BUNDLE_IDENTIFIER = com.jessieluo.GoBlueJaysTests;
				PRODUCT_NAME = "$(TARGET_NAME)";
				SWIFT_EMIT_LOC_STRINGS = NO;
				SWIFT_VERSION = 5.0;
				TARGETED_DEVICE_FAMILY = "1,2";
				TEST_HOST = "$(BUILT_PRODUCTS_DIR)/GoBlueJays.app/GoBlueJays";
			};
			name = Release;
		};
		2CE790CB289F72BF00C3BB2B /* Debug */ = {
			isa = XCBuildConfiguration;
			baseConfigurationReference = 0A8F5301DFED4217E0526A30 /* Pods-GoBlueJays-GoBlueJaysUITests.debug.xcconfig */;
			buildSettings = {
				ALWAYS_EMBED_SWIFT_STANDARD_LIBRARIES = YES;
				CODE_SIGN_STYLE = Automatic;
				CURRENT_PROJECT_VERSION = 1;
				GENERATE_INFOPLIST_FILE = YES;
				MARKETING_VERSION = 1.0;
				PRODUCT_BUNDLE_IDENTIFIER = com.jessieluo.GoBlueJaysUITests;
				PRODUCT_NAME = "$(TARGET_NAME)";
				SWIFT_EMIT_LOC_STRINGS = NO;
				SWIFT_VERSION = 5.0;
				TARGETED_DEVICE_FAMILY = "1,2";
				TEST_TARGET_NAME = GoBlueJays;
			};
			name = Debug;
		};
		2CE790CC289F72BF00C3BB2B /* Release */ = {
			isa = XCBuildConfiguration;
			baseConfigurationReference = 43858E8B78BA2F6995975FBD /* Pods-GoBlueJays-GoBlueJaysUITests.release.xcconfig */;
			buildSettings = {
				ALWAYS_EMBED_SWIFT_STANDARD_LIBRARIES = YES;
				CODE_SIGN_STYLE = Automatic;
				CURRENT_PROJECT_VERSION = 1;
				GENERATE_INFOPLIST_FILE = YES;
				MARKETING_VERSION = 1.0;
				PRODUCT_BUNDLE_IDENTIFIER = com.jessieluo.GoBlueJaysUITests;
				PRODUCT_NAME = "$(TARGET_NAME)";
				SWIFT_EMIT_LOC_STRINGS = NO;
				SWIFT_VERSION = 5.0;
				TARGETED_DEVICE_FAMILY = "1,2";
				TEST_TARGET_NAME = GoBlueJays;
			};
			name = Release;
		};
/* End XCBuildConfiguration section */

/* Begin XCConfigurationList section */
		2CE79095289F72BE00C3BB2B /* Build configuration list for PBXProject "GoBlueJays" */ = {
			isa = XCConfigurationList;
			buildConfigurations = (
				2CE790C2289F72BF00C3BB2B /* Debug */,
				2CE790C3289F72BF00C3BB2B /* Release */,
			);
			defaultConfigurationIsVisible = 0;
			defaultConfigurationName = Release;
		};
		2CE790C4289F72BF00C3BB2B /* Build configuration list for PBXNativeTarget "GoBlueJays" */ = {
			isa = XCConfigurationList;
			buildConfigurations = (
				2CE790C5289F72BF00C3BB2B /* Debug */,
				2CE790C6289F72BF00C3BB2B /* Release */,
			);
			defaultConfigurationIsVisible = 0;
			defaultConfigurationName = Release;
		};
		2CE790C7289F72BF00C3BB2B /* Build configuration list for PBXNativeTarget "GoBlueJaysTests" */ = {
			isa = XCConfigurationList;
			buildConfigurations = (
				2CE790C8289F72BF00C3BB2B /* Debug */,
				2CE790C9289F72BF00C3BB2B /* Release */,
			);
			defaultConfigurationIsVisible = 0;
			defaultConfigurationName = Release;
		};
		2CE790CA289F72BF00C3BB2B /* Build configuration list for PBXNativeTarget "GoBlueJaysUITests" */ = {
			isa = XCConfigurationList;
			buildConfigurations = (
				2CE790CB289F72BF00C3BB2B /* Debug */,
				2CE790CC289F72BF00C3BB2B /* Release */,
			);
			defaultConfigurationIsVisible = 0;
			defaultConfigurationName = Release;
		};
/* End XCConfigurationList section */
	};
	rootObject = 2CE79092289F72BE00C3BB2B /* Project object */;
}
