// !$*UTF8*$!
{
	archiveVersion = 1;
	classes = {
	};
	objectVersion = 55;
	objects = {

/* Begin PBXBuildFile section */
		08C1481428F8459400A493B2 /* FirebaseAnalytics in Frameworks */ = {isa = PBXBuildFile; productRef = 08C1481328F8459400A493B2 /* FirebaseAnalytics */; };
		08C1481628F8459400A493B2 /* FirebaseAnalyticsOnDeviceConversion in Frameworks */ = {isa = PBXBuildFile; productRef = 08C1481528F8459400A493B2 /* FirebaseAnalyticsOnDeviceConversion */; };
		08C1481828F8459400A493B2 /* FirebaseAnalyticsSwift in Frameworks */ = {isa = PBXBuildFile; productRef = 08C1481728F8459400A493B2 /* FirebaseAnalyticsSwift */; };
		08C1481A28F8459400A493B2 /* FirebaseAnalyticsWithoutAdIdSupport in Frameworks */ = {isa = PBXBuildFile; productRef = 08C1481928F8459400A493B2 /* FirebaseAnalyticsWithoutAdIdSupport */; };
		08C1481C28F8459400A493B2 /* FirebaseAppCheck in Frameworks */ = {isa = PBXBuildFile; productRef = 08C1481B28F8459400A493B2 /* FirebaseAppCheck */; };
		08C1481E28F8459400A493B2 /* FirebaseAppDistribution-Beta in Frameworks */ = {isa = PBXBuildFile; productRef = 08C1481D28F8459400A493B2 /* FirebaseAppDistribution-Beta */; };
		08C1482028F8459400A493B2 /* FirebaseAuth in Frameworks */ = {isa = PBXBuildFile; productRef = 08C1481F28F8459400A493B2 /* FirebaseAuth */; };
		08C1482228F8459400A493B2 /* FirebaseAuthCombine-Community in Frameworks */ = {isa = PBXBuildFile; productRef = 08C1482128F8459400A493B2 /* FirebaseAuthCombine-Community */; };
		08C1482428F8459400A493B2 /* FirebaseCrashlytics in Frameworks */ = {isa = PBXBuildFile; productRef = 08C1482328F8459400A493B2 /* FirebaseCrashlytics */; };
		08C1482628F8459400A493B2 /* FirebaseDatabase in Frameworks */ = {isa = PBXBuildFile; productRef = 08C1482528F8459400A493B2 /* FirebaseDatabase */; };
		08C1482828F8459400A493B2 /* FirebaseDatabaseSwift in Frameworks */ = {isa = PBXBuildFile; productRef = 08C1482728F8459400A493B2 /* FirebaseDatabaseSwift */; };
		08C1482A28F8459400A493B2 /* FirebaseDynamicLinks in Frameworks */ = {isa = PBXBuildFile; productRef = 08C1482928F8459400A493B2 /* FirebaseDynamicLinks */; };
		08C1482C28F8459400A493B2 /* FirebaseFirestore in Frameworks */ = {isa = PBXBuildFile; productRef = 08C1482B28F8459400A493B2 /* FirebaseFirestore */; };
		08C1482E28F8459400A493B2 /* FirebaseFirestoreCombine-Community in Frameworks */ = {isa = PBXBuildFile; productRef = 08C1482D28F8459400A493B2 /* FirebaseFirestoreCombine-Community */; };
		08C1483028F8459400A493B2 /* FirebaseFirestoreSwift in Frameworks */ = {isa = PBXBuildFile; productRef = 08C1482F28F8459400A493B2 /* FirebaseFirestoreSwift */; };
		08C1483228F8459400A493B2 /* FirebaseFunctions in Frameworks */ = {isa = PBXBuildFile; productRef = 08C1483128F8459400A493B2 /* FirebaseFunctions */; };
		08C1483428F8459400A493B2 /* FirebaseFunctionsCombine-Community in Frameworks */ = {isa = PBXBuildFile; productRef = 08C1483328F8459400A493B2 /* FirebaseFunctionsCombine-Community */; };
		08C1483628F8459400A493B2 /* FirebaseInAppMessaging-Beta in Frameworks */ = {isa = PBXBuildFile; productRef = 08C1483528F8459400A493B2 /* FirebaseInAppMessaging-Beta */; };
		08C1483828F8459400A493B2 /* FirebaseInAppMessagingSwift-Beta in Frameworks */ = {isa = PBXBuildFile; productRef = 08C1483728F8459400A493B2 /* FirebaseInAppMessagingSwift-Beta */; };
		08C1483A28F8459400A493B2 /* FirebaseInstallations in Frameworks */ = {isa = PBXBuildFile; productRef = 08C1483928F8459400A493B2 /* FirebaseInstallations */; };
		08C1483C28F8459400A493B2 /* FirebaseMLModelDownloader in Frameworks */ = {isa = PBXBuildFile; productRef = 08C1483B28F8459400A493B2 /* FirebaseMLModelDownloader */; };
		08C1483E28F8459400A493B2 /* FirebaseMessaging in Frameworks */ = {isa = PBXBuildFile; productRef = 08C1483D28F8459400A493B2 /* FirebaseMessaging */; };
		08C1484028F8459400A493B2 /* FirebasePerformance in Frameworks */ = {isa = PBXBuildFile; productRef = 08C1483F28F8459400A493B2 /* FirebasePerformance */; };
		08C1484228F8459400A493B2 /* FirebaseRemoteConfig in Frameworks */ = {isa = PBXBuildFile; productRef = 08C1484128F8459400A493B2 /* FirebaseRemoteConfig */; };
		08C1484428F8459400A493B2 /* FirebaseRemoteConfigSwift in Frameworks */ = {isa = PBXBuildFile; productRef = 08C1484328F8459400A493B2 /* FirebaseRemoteConfigSwift */; };
		08C1484628F8459400A493B2 /* FirebaseStorage in Frameworks */ = {isa = PBXBuildFile; productRef = 08C1484528F8459400A493B2 /* FirebaseStorage */; };
		08C1484828F8459400A493B2 /* FirebaseStorageCombine-Community in Frameworks */ = {isa = PBXBuildFile; productRef = 08C1484728F8459400A493B2 /* FirebaseStorageCombine-Community */; };
		08C1484A28F8503600A493B2 /* GoogleService-Info.plist in Resources */ = {isa = PBXBuildFile; fileRef = 08C1484928F8503500A493B2 /* GoogleService-Info.plist */; };
		08C1484B28F8503600A493B2 /* GoogleService-Info.plist in Resources */ = {isa = PBXBuildFile; fileRef = 08C1484928F8503500A493B2 /* GoogleService-Info.plist */; };
		08C1484C28F8503600A493B2 /* GoogleService-Info.plist in Resources */ = {isa = PBXBuildFile; fileRef = 08C1484928F8503500A493B2 /* GoogleService-Info.plist */; };
		2378A4D68C1C9F0E606EBE9B /* Pods_GoBlueJaysTests.framework in Frameworks */ = {isa = PBXBuildFile; fileRef = FA119EE4D0C982AF301B9C23 /* Pods_GoBlueJaysTests.framework */; };
		2C83283328A7DC5A00EBA59B /* AcademicsVC.swift in Sources */ = {isa = PBXBuildFile; fileRef = 2C83283228A7DC5A00EBA59B /* AcademicsVC.swift */; };
		2CAB898728ACA10500DD27EA /* (null) in Embed Frameworks */ = {isa = PBXBuildFile; settings = {ATTRIBUTES = (RemoveHeadersOnCopy, ); }; };
		2CAC969D28FBC7060075E8E4 /* Course.swift in Sources */ = {isa = PBXBuildFile; fileRef = 2CAC969C28FBC7060075E8E4 /* Course.swift */; };
		2CB79C9028A9DA1C00744FF8 /* Detail.swift in Sources */ = {isa = PBXBuildFile; fileRef = 2CB79C8F28A9DA1C00744FF8 /* Detail.swift */; };
		2CB79C9828A9E43900744FF8 /* IconCell.swift in Sources */ = {isa = PBXBuildFile; fileRef = 2CB79C9628A9E43900744FF8 /* IconCell.swift */; };
		2CB79C9928A9E43900744FF8 /* IconCell.xib in Resources */ = {isa = PBXBuildFile; fileRef = 2CB79C9728A9E43900744FF8 /* IconCell.xib */; };
		2CB9247028E49EB80006967C /* SupportVC.swift in Sources */ = {isa = PBXBuildFile; fileRef = 2CB9246F28E49EB80006967C /* SupportVC.swift */; };
		2CC9F07328A22BE300E337CA /* GooglePlacesManager.swift in Sources */ = {isa = PBXBuildFile; fileRef = 2CC9F07228A22BE300E337CA /* GooglePlacesManager.swift */; };
		2CD2536828ED2AF8004C03A6 /* AddEventViewController.swift in Sources */ = {isa = PBXBuildFile; fileRef = 2CD2536728ED2AF8004C03A6 /* AddEventViewController.swift */; };
		2CD9277628A1D59000C45293 /* ResultsViewController.swift in Sources */ = {isa = PBXBuildFile; fileRef = 2CD9277528A1D59000C45293 /* ResultsViewController.swift */; };
		2CE7909E289F72BE00C3BB2B /* AppDelegate.swift in Sources */ = {isa = PBXBuildFile; fileRef = 2CE7909D289F72BE00C3BB2B /* AppDelegate.swift */; };
		2CE790A0289F72BE00C3BB2B /* SceneDelegate.swift in Sources */ = {isa = PBXBuildFile; fileRef = 2CE7909F289F72BE00C3BB2B /* SceneDelegate.swift */; };
		2CE790A2289F72BE00C3BB2B /* ViewController.swift in Sources */ = {isa = PBXBuildFile; fileRef = 2CE790A1289F72BE00C3BB2B /* ViewController.swift */; };
		2CE790A5289F72BE00C3BB2B /* Main.storyboard in Resources */ = {isa = PBXBuildFile; fileRef = 2CE790A3289F72BE00C3BB2B /* Main.storyboard */; };
		2CE790A7289F72BF00C3BB2B /* Assets.xcassets in Resources */ = {isa = PBXBuildFile; fileRef = 2CE790A6289F72BF00C3BB2B /* Assets.xcassets */; };
		2CE790AA289F72BF00C3BB2B /* LaunchScreen.storyboard in Resources */ = {isa = PBXBuildFile; fileRef = 2CE790A8289F72BF00C3BB2B /* LaunchScreen.storyboard */; };
		2CE790B5289F72BF00C3BB2B /* GoBlueJaysTests.swift in Sources */ = {isa = PBXBuildFile; fileRef = 2CE790B4289F72BF00C3BB2B /* GoBlueJaysTests.swift */; };
		2CE790BF289F72BF00C3BB2B /* GoBlueJaysUITests.swift in Sources */ = {isa = PBXBuildFile; fileRef = 2CE790BE289F72BF00C3BB2B /* GoBlueJaysUITests.swift */; };
		2CE790C1289F72BF00C3BB2B /* GoBlueJaysUITestsLaunchTests.swift in Sources */ = {isa = PBXBuildFile; fileRef = 2CE790C0289F72BF00C3BB2B /* GoBlueJaysUITestsLaunchTests.swift */; };
		2CE790CE289F7D8E00C3BB2B /* CustomTabBarController.swift in Sources */ = {isa = PBXBuildFile; fileRef = 2CE790CD289F7D8E00C3BB2B /* CustomTabBarController.swift */; };
		2CE790D0289F7EBA00C3BB2B /* HomeVC.swift in Sources */ = {isa = PBXBuildFile; fileRef = 2CE790CF289F7EBA00C3BB2B /* HomeVC.swift */; };
		2CE790D2289F7EE100C3BB2B /* AppsVC.swift in Sources */ = {isa = PBXBuildFile; fileRef = 2CE790D1289F7EE100C3BB2B /* AppsVC.swift */; };
		2CE790D4289F7EED00C3BB2B /* ScheduleVC.swift in Sources */ = {isa = PBXBuildFile; fileRef = 2CE790D3289F7EED00C3BB2B /* ScheduleVC.swift */; };
		2CE790D6289F7F1A00C3BB2B /* MapVC.swift in Sources */ = {isa = PBXBuildFile; fileRef = 2CE790D5289F7F1A00C3BB2B /* MapVC.swift */; };

		31F33AF8D91F4CF3A227FCC8 /* Pods_GoBlueJaysTests.framework in Frameworks */ = {isa = PBXBuildFile; fileRef = F392C337C1E0F67180F3BE15 /* Pods_GoBlueJaysTests.framework */; };

		40923DAB28FE33AF003B15B5 /* ActivityVC.swift in Sources */ = {isa = PBXBuildFile; fileRef = 40923DA628FE33AF003B15B5 /* ActivityVC.swift */; };
		40923DAC28FE33AF003B15B5 /* ActivityCell.swift in Sources */ = {isa = PBXBuildFile; fileRef = 40923DA728FE33AF003B15B5 /* ActivityCell.swift */; };
		40923DAD28FE33AF003B15B5 /* ActivityCell.xib in Resources */ = {isa = PBXBuildFile; fileRef = 40923DA828FE33AF003B15B5 /* ActivityCell.xib */; };
		40923DAE28FE33AF003B15B5 /* AddEventVC.swift in Sources */ = {isa = PBXBuildFile; fileRef = 40923DA928FE33AF003B15B5 /* AddEventVC.swift */; };
		40923DAF28FE33AF003B15B5 /* CollectVC.swift in Sources */ = {isa = PBXBuildFile; fileRef = 40923DAA28FE33AF003B15B5 /* CollectVC.swift */; };
		40923DB128FE33CC003B15B5 /* Activity.swift in Sources */ = {isa = PBXBuildFile; fileRef = 40923DB028FE33CC003B15B5 /* Activity.swift */; };
		40923DB328FE6915003B15B5 /* activity_load.swift in Sources */ = {isa = PBXBuildFile; fileRef = 40923DB228FE6915003B15B5 /* activity_load.swift */; };

		40A89A1328F75FE800E3CE60 /* (null) in Resources */ = {isa = PBXBuildFile; };
		40A89A1428F75FE800E3CE60 /* (null) in Sources */ = {isa = PBXBuildFile; };
		40A89A1528F75FE800E3CE60 /* (null) in Sources */ = {isa = PBXBuildFile; };
		40A89A1628F75FE800E3CE60 /* (null) in Sources */ = {isa = PBXBuildFile; };
		40A89A1728F75FE800E3CE60 /* (null) in Sources */ = {isa = PBXBuildFile; };
		40A89A1928F7602F00E3CE60 /* (null) in Sources */ = {isa = PBXBuildFile; };

		4F98422828FE204B009990D4 /* WebViewVC.swift in Sources */ = {isa = PBXBuildFile; fileRef = 4F98422728FE204B009990D4 /* WebViewVC.swift */; };

		4FED0F6128EFF868003265A1 /* AthleticsVC.swift in Sources */ = {isa = PBXBuildFile; fileRef = 4FED0F6028EFF868003265A1 /* AthleticsVC.swift */; };
		4FED0F6328F002C4003265A1 /* SocialMediaVC.swift in Sources */ = {isa = PBXBuildFile; fileRef = 4FED0F6228F002C4003265A1 /* SocialMediaVC.swift */; };
		4FED0F6528F003CA003265A1 /* HousingVC.swift in Sources */ = {isa = PBXBuildFile; fileRef = 4FED0F6428F003CA003265A1 /* HousingVC.swift */; };
		A1EF178305C73FA64FBEA7CF /* Pods_GoBlueJays_GoBlueJaysUITests.framework in Frameworks */ = {isa = PBXBuildFile; fileRef = DC0E20C162FAC4798CF7D60D /* Pods_GoBlueJays_GoBlueJaysUITests.framework */; };
		C868491F405AB3F647033FAB /* Pods_GoBlueJays.framework in Frameworks */ = {isa = PBXBuildFile; fileRef = 49FAB3CA2FE6F43B580CA51E /* Pods_GoBlueJays.framework */; };
/* End PBXBuildFile section */

/* Begin PBXContainerItemProxy section */
		2CE790B1289F72BF00C3BB2B /* PBXContainerItemProxy */ = {
			isa = PBXContainerItemProxy;
			containerPortal = 2CE79092289F72BE00C3BB2B /* Project object */;
			proxyType = 1;
			remoteGlobalIDString = 2CE79099289F72BE00C3BB2B;
			remoteInfo = GoBlueJays;
		};
		2CE790BB289F72BF00C3BB2B /* PBXContainerItemProxy */ = {
			isa = PBXContainerItemProxy;
			containerPortal = 2CE79092289F72BE00C3BB2B /* Project object */;
			proxyType = 1;
			remoteGlobalIDString = 2CE79099289F72BE00C3BB2B;
			remoteInfo = GoBlueJays;
		};
/* End PBXContainerItemProxy section */

/* Begin PBXCopyFilesBuildPhase section */
		2CAB898828ACA10500DD27EA /* Embed Frameworks */ = {
			isa = PBXCopyFilesBuildPhase;
			buildActionMask = 2147483647;
			dstPath = "";
			dstSubfolderSpec = 10;
			files = (
				2CAB898728ACA10500DD27EA /* (null) in Embed Frameworks */,
			);
			name = "Embed Frameworks";
			runOnlyForDeploymentPostprocessing = 0;
		};
/* End PBXCopyFilesBuildPhase section */

/* Begin PBXFileReference section */
		08C1484928F8503500A493B2 /* GoogleService-Info.plist */ = {isa = PBXFileReference; fileEncoding = 4; lastKnownFileType = text.plist.xml; path = "GoogleService-Info.plist"; sourceTree = "<group>"; };
		17B5AF18CF6F98B65F88D856 /* Pods_GoBlueJays_GoBlueJaysUITests.framework */ = {isa = PBXFileReference; explicitFileType = wrapper.framework; includeInIndex = 0; path = Pods_GoBlueJays_GoBlueJaysUITests.framework; sourceTree = BUILT_PRODUCTS_DIR; };
		2C83283228A7DC5A00EBA59B /* AcademicsVC.swift */ = {isa = PBXFileReference; lastKnownFileType = sourcecode.swift; path = AcademicsVC.swift; sourceTree = "<group>"; };
		2CAC969C28FBC7060075E8E4 /* Course.swift */ = {isa = PBXFileReference; lastKnownFileType = sourcecode.swift; path = Course.swift; sourceTree = "<group>"; };
		2CB79C8F28A9DA1C00744FF8 /* Detail.swift */ = {isa = PBXFileReference; lastKnownFileType = sourcecode.swift; path = Detail.swift; sourceTree = "<group>"; };
		2CB79C9628A9E43900744FF8 /* IconCell.swift */ = {isa = PBXFileReference; lastKnownFileType = sourcecode.swift; path = IconCell.swift; sourceTree = "<group>"; };
		2CB79C9728A9E43900744FF8 /* IconCell.xib */ = {isa = PBXFileReference; lastKnownFileType = file.xib; path = IconCell.xib; sourceTree = "<group>"; };
		2CB9246F28E49EB80006967C /* SupportVC.swift */ = {isa = PBXFileReference; lastKnownFileType = sourcecode.swift; path = SupportVC.swift; sourceTree = SOURCE_ROOT; };
		2CC9F07228A22BE300E337CA /* GooglePlacesManager.swift */ = {isa = PBXFileReference; lastKnownFileType = sourcecode.swift; path = GooglePlacesManager.swift; sourceTree = "<group>"; };
		2CD2536728ED2AF8004C03A6 /* AddEventViewController.swift */ = {isa = PBXFileReference; lastKnownFileType = sourcecode.swift; path = AddEventViewController.swift; sourceTree = "<group>"; };
		2CD9277528A1D59000C45293 /* ResultsViewController.swift */ = {isa = PBXFileReference; lastKnownFileType = sourcecode.swift; path = ResultsViewController.swift; sourceTree = "<group>"; };
		2CE7909A289F72BE00C3BB2B /* GoBlueJays.app */ = {isa = PBXFileReference; explicitFileType = wrapper.application; includeInIndex = 0; path = GoBlueJays.app; sourceTree = BUILT_PRODUCTS_DIR; };
		2CE7909D289F72BE00C3BB2B /* AppDelegate.swift */ = {isa = PBXFileReference; lastKnownFileType = sourcecode.swift; path = AppDelegate.swift; sourceTree = "<group>"; };
		2CE7909F289F72BE00C3BB2B /* SceneDelegate.swift */ = {isa = PBXFileReference; lastKnownFileType = sourcecode.swift; path = SceneDelegate.swift; sourceTree = "<group>"; };
		2CE790A1289F72BE00C3BB2B /* ViewController.swift */ = {isa = PBXFileReference; lastKnownFileType = sourcecode.swift; path = ViewController.swift; sourceTree = "<group>"; };
		2CE790A4289F72BE00C3BB2B /* Base */ = {isa = PBXFileReference; lastKnownFileType = file.storyboard; name = Base; path = Base.lproj/Main.storyboard; sourceTree = "<group>"; };
		2CE790A6289F72BF00C3BB2B /* Assets.xcassets */ = {isa = PBXFileReference; lastKnownFileType = folder.assetcatalog; path = Assets.xcassets; sourceTree = "<group>"; };
		2CE790A9289F72BF00C3BB2B /* Base */ = {isa = PBXFileReference; lastKnownFileType = file.storyboard; name = Base; path = Base.lproj/LaunchScreen.storyboard; sourceTree = "<group>"; };
		2CE790AB289F72BF00C3BB2B /* Info.plist */ = {isa = PBXFileReference; lastKnownFileType = text.plist.xml; path = Info.plist; sourceTree = "<group>"; };
		2CE790B0289F72BF00C3BB2B /* GoBlueJaysTests.xctest */ = {isa = PBXFileReference; explicitFileType = wrapper.cfbundle; includeInIndex = 0; path = GoBlueJaysTests.xctest; sourceTree = BUILT_PRODUCTS_DIR; };
		2CE790B4289F72BF00C3BB2B /* GoBlueJaysTests.swift */ = {isa = PBXFileReference; lastKnownFileType = sourcecode.swift; path = GoBlueJaysTests.swift; sourceTree = "<group>"; };
		2CE790BA289F72BF00C3BB2B /* GoBlueJaysUITests.xctest */ = {isa = PBXFileReference; explicitFileType = wrapper.cfbundle; includeInIndex = 0; path = GoBlueJaysUITests.xctest; sourceTree = BUILT_PRODUCTS_DIR; };
		2CE790BE289F72BF00C3BB2B /* GoBlueJaysUITests.swift */ = {isa = PBXFileReference; lastKnownFileType = sourcecode.swift; path = GoBlueJaysUITests.swift; sourceTree = "<group>"; };
		2CE790C0289F72BF00C3BB2B /* GoBlueJaysUITestsLaunchTests.swift */ = {isa = PBXFileReference; lastKnownFileType = sourcecode.swift; path = GoBlueJaysUITestsLaunchTests.swift; sourceTree = "<group>"; };
		2CE790CD289F7D8E00C3BB2B /* CustomTabBarController.swift */ = {isa = PBXFileReference; lastKnownFileType = sourcecode.swift; path = CustomTabBarController.swift; sourceTree = "<group>"; };
		2CE790CF289F7EBA00C3BB2B /* HomeVC.swift */ = {isa = PBXFileReference; lastKnownFileType = sourcecode.swift; path = HomeVC.swift; sourceTree = "<group>"; };
		2CE790D1289F7EE100C3BB2B /* AppsVC.swift */ = {isa = PBXFileReference; lastKnownFileType = sourcecode.swift; path = AppsVC.swift; sourceTree = "<group>"; };
		2CE790D3289F7EED00C3BB2B /* ScheduleVC.swift */ = {isa = PBXFileReference; lastKnownFileType = sourcecode.swift; path = ScheduleVC.swift; sourceTree = "<group>"; };
		2CE790D5289F7F1A00C3BB2B /* MapVC.swift */ = {isa = PBXFileReference; lastKnownFileType = sourcecode.swift; path = MapVC.swift; sourceTree = "<group>"; };

		361C4B63EF566EB168F64E76 /* Pods-GoBlueJaysTests.release.xcconfig */ = {isa = PBXFileReference; includeInIndex = 1; lastKnownFileType = text.xcconfig; name = "Pods-GoBlueJaysTests.release.xcconfig"; path = "Target Support Files/Pods-GoBlueJaysTests/Pods-GoBlueJaysTests.release.xcconfig"; sourceTree = "<group>"; };
		3AB4E1A6DADC38CB07519827 /* Pods-GoBlueJays.debug.xcconfig */ = {isa = PBXFileReference; includeInIndex = 1; lastKnownFileType = text.xcconfig; name = "Pods-GoBlueJays.debug.xcconfig"; path = "Target Support Files/Pods-GoBlueJays/Pods-GoBlueJays.debug.xcconfig"; sourceTree = "<group>"; };
		4F98422728FE204B009990D4 /* WebViewVC.swift */ = {isa = PBXFileReference; lastKnownFileType = sourcecode.swift; path = WebViewVC.swift; sourceTree = "<group>"; };

		40923DA628FE33AF003B15B5 /* ActivityVC.swift */ = {isa = PBXFileReference; fileEncoding = 4; lastKnownFileType = sourcecode.swift; path = ActivityVC.swift; sourceTree = "<group>"; };
		40923DA728FE33AF003B15B5 /* ActivityCell.swift */ = {isa = PBXFileReference; fileEncoding = 4; lastKnownFileType = sourcecode.swift; path = ActivityCell.swift; sourceTree = "<group>"; };
		40923DA828FE33AF003B15B5 /* ActivityCell.xib */ = {isa = PBXFileReference; fileEncoding = 4; lastKnownFileType = file.xib; path = ActivityCell.xib; sourceTree = "<group>"; };
		40923DA928FE33AF003B15B5 /* AddEventVC.swift */ = {isa = PBXFileReference; fileEncoding = 4; lastKnownFileType = sourcecode.swift; path = AddEventVC.swift; sourceTree = "<group>"; };
		40923DAA28FE33AF003B15B5 /* CollectVC.swift */ = {isa = PBXFileReference; fileEncoding = 4; lastKnownFileType = sourcecode.swift; path = CollectVC.swift; sourceTree = "<group>"; };
		40923DB028FE33CC003B15B5 /* Activity.swift */ = {isa = PBXFileReference; fileEncoding = 4; lastKnownFileType = sourcecode.swift; path = Activity.swift; sourceTree = "<group>"; };
		40923DB228FE6915003B15B5 /* activity_load.swift */ = {isa = PBXFileReference; lastKnownFileType = sourcecode.swift; path = activity_load.swift; sourceTree = "<group>"; };
		442880EDBF0787C75FB2E348 /* Pods-GoBlueJays-GoBlueJaysUITests.release.xcconfig */ = {isa = PBXFileReference; includeInIndex = 1; lastKnownFileType = text.xcconfig; name = "Pods-GoBlueJays-GoBlueJaysUITests.release.xcconfig"; path = "Target Support Files/Pods-GoBlueJays-GoBlueJaysUITests/Pods-GoBlueJays-GoBlueJaysUITests.release.xcconfig"; sourceTree = "<group>"; };

		4FED0F6028EFF868003265A1 /* AthleticsVC.swift */ = {isa = PBXFileReference; lastKnownFileType = sourcecode.swift; path = AthleticsVC.swift; sourceTree = "<group>"; };
		4FED0F6228F002C4003265A1 /* SocialMediaVC.swift */ = {isa = PBXFileReference; lastKnownFileType = sourcecode.swift; path = SocialMediaVC.swift; sourceTree = "<group>"; };
		4FED0F6428F003CA003265A1 /* HousingVC.swift */ = {isa = PBXFileReference; lastKnownFileType = sourcecode.swift; path = HousingVC.swift; sourceTree = "<group>"; };
		895B520B41E897667F77833A /* Pods-GoBlueJaysTests.debug.xcconfig */ = {isa = PBXFileReference; includeInIndex = 1; lastKnownFileType = text.xcconfig; name = "Pods-GoBlueJaysTests.debug.xcconfig"; path = "Target Support Files/Pods-GoBlueJaysTests/Pods-GoBlueJaysTests.debug.xcconfig"; sourceTree = "<group>"; };
		8D0FDCBDAEC9A39EB29771A1 /* Pods-GoBlueJays.debug.xcconfig */ = {isa = PBXFileReference; includeInIndex = 1; lastKnownFileType = text.xcconfig; name = "Pods-GoBlueJays.debug.xcconfig"; path = "Target Support Files/Pods-GoBlueJays/Pods-GoBlueJays.debug.xcconfig"; sourceTree = "<group>"; };
		93467292E5551B79B66EC8F5 /* Pods-GoBlueJaysTests.release.xcconfig */ = {isa = PBXFileReference; includeInIndex = 1; lastKnownFileType = text.xcconfig; name = "Pods-GoBlueJaysTests.release.xcconfig"; path = "Target Support Files/Pods-GoBlueJaysTests/Pods-GoBlueJaysTests.release.xcconfig"; sourceTree = "<group>"; };
		BFB5DAEF057AA1DC7A3B8B94 /* Pods_GoBlueJays.framework */ = {isa = PBXFileReference; explicitFileType = wrapper.framework; includeInIndex = 0; path = Pods_GoBlueJays.framework; sourceTree = BUILT_PRODUCTS_DIR; };
		C8935A719EE7264AE8DA4ABC /* Pods-GoBlueJays-GoBlueJaysUITests.debug.xcconfig */ = {isa = PBXFileReference; includeInIndex = 1; lastKnownFileType = text.xcconfig; name = "Pods-GoBlueJays-GoBlueJaysUITests.debug.xcconfig"; path = "Target Support Files/Pods-GoBlueJays-GoBlueJaysUITests/Pods-GoBlueJays-GoBlueJaysUITests.debug.xcconfig"; sourceTree = "<group>"; };
		DAD1649FE383521B33AD2493 /* Pods-GoBlueJays.release.xcconfig */ = {isa = PBXFileReference; includeInIndex = 1; lastKnownFileType = text.xcconfig; name = "Pods-GoBlueJays.release.xcconfig"; path = "Target Support Files/Pods-GoBlueJays/Pods-GoBlueJays.release.xcconfig"; sourceTree = "<group>"; };
		FA119EE4D0C982AF301B9C23 /* Pods_GoBlueJaysTests.framework */ = {isa = PBXFileReference; explicitFileType = wrapper.framework; includeInIndex = 0; path = Pods_GoBlueJaysTests.framework; sourceTree = BUILT_PRODUCTS_DIR; };
/* End PBXFileReference section */

/* Begin PBXFrameworksBuildPhase section */
		2CE79097289F72BE00C3BB2B /* Frameworks */ = {
			isa = PBXFrameworksBuildPhase;
			buildActionMask = 2147483647;
			files = (
				08C1483228F8459400A493B2 /* FirebaseFunctions in Frameworks */,
				08C1482828F8459400A493B2 /* FirebaseDatabaseSwift in Frameworks */,
				08C1483828F8459400A493B2 /* FirebaseInAppMessagingSwift-Beta in Frameworks */,
				08C1483E28F8459400A493B2 /* FirebaseMessaging in Frameworks */,
				08C1481E28F8459400A493B2 /* FirebaseAppDistribution-Beta in Frameworks */,
				08C1482228F8459400A493B2 /* FirebaseAuthCombine-Community in Frameworks */,
				08C1482E28F8459400A493B2 /* FirebaseFirestoreCombine-Community in Frameworks */,
				08C1481828F8459400A493B2 /* FirebaseAnalyticsSwift in Frameworks */,
				08C1483C28F8459400A493B2 /* FirebaseMLModelDownloader in Frameworks */,
				08C1481A28F8459400A493B2 /* FirebaseAnalyticsWithoutAdIdSupport in Frameworks */,
				08C1481428F8459400A493B2 /* FirebaseAnalytics in Frameworks */,
				08C1483028F8459400A493B2 /* FirebaseFirestoreSwift in Frameworks */,
				08C1481628F8459400A493B2 /* FirebaseAnalyticsOnDeviceConversion in Frameworks */,
				08C1481C28F8459400A493B2 /* FirebaseAppCheck in Frameworks */,
				08C1484028F8459400A493B2 /* FirebasePerformance in Frameworks */,
				08C1483628F8459400A493B2 /* FirebaseInAppMessaging-Beta in Frameworks */,
				08C1483428F8459400A493B2 /* FirebaseFunctionsCombine-Community in Frameworks */,
				08C1482428F8459400A493B2 /* FirebaseCrashlytics in Frameworks */,
				08C1483A28F8459400A493B2 /* FirebaseInstallations in Frameworks */,
				08C1484228F8459400A493B2 /* FirebaseRemoteConfig in Frameworks */,
				08C1484628F8459400A493B2 /* FirebaseStorage in Frameworks */,
				08C1482628F8459400A493B2 /* FirebaseDatabase in Frameworks */,
				08C1484828F8459400A493B2 /* FirebaseStorageCombine-Community in Frameworks */,
				08C1482028F8459400A493B2 /* FirebaseAuth in Frameworks */,
				08C1482A28F8459400A493B2 /* FirebaseDynamicLinks in Frameworks */,
				08C1482C28F8459400A493B2 /* FirebaseFirestore in Frameworks */,
				08C1484428F8459400A493B2 /* FirebaseRemoteConfigSwift in Frameworks */,
				B16CDD624ECC944E84C32369 /* Pods_GoBlueJays.framework in Frameworks */,
			);
			runOnlyForDeploymentPostprocessing = 0;
		};
		2CE790AD289F72BF00C3BB2B /* Frameworks */ = {
			isa = PBXFrameworksBuildPhase;
			buildActionMask = 2147483647;
			files = (
				2378A4D68C1C9F0E606EBE9B /* Pods_GoBlueJaysTests.framework in Frameworks */,
			);
			runOnlyForDeploymentPostprocessing = 0;
		};
		2CE790B7289F72BF00C3BB2B /* Frameworks */ = {
			isa = PBXFrameworksBuildPhase;
			buildActionMask = 2147483647;
			files = (
				7E27E2E03A86C3283D05CB9E /* Pods_GoBlueJays_GoBlueJaysUITests.framework in Frameworks */,
			);
			runOnlyForDeploymentPostprocessing = 0;
		};
/* End PBXFrameworksBuildPhase section */

/* Begin PBXGroup section */
		2A1FA4102B96A5AF4087A64F /* Pods */ = {
			isa = PBXGroup;
			children = (
				8D0FDCBDAEC9A39EB29771A1 /* Pods-GoBlueJays.debug.xcconfig */,
				DAD1649FE383521B33AD2493 /* Pods-GoBlueJays.release.xcconfig */,
				C8935A719EE7264AE8DA4ABC /* Pods-GoBlueJays-GoBlueJaysUITests.debug.xcconfig */,
				442880EDBF0787C75FB2E348 /* Pods-GoBlueJays-GoBlueJaysUITests.release.xcconfig */,
				895B520B41E897667F77833A /* Pods-GoBlueJaysTests.debug.xcconfig */,
				93467292E5551B79B66EC8F5 /* Pods-GoBlueJaysTests.release.xcconfig */,
			);
			path = Pods;
			sourceTree = "<group>";
		};
		2CB79C8E28A9D9FA00744FF8 /* Models */ = {
			isa = PBXGroup;
			children = (

				40923DB028FE33CC003B15B5 /* Activity.swift */,

				2CB79C8F28A9DA1C00744FF8 /* Detail.swift */,
				2CAC969C28FBC7060075E8E4 /* Course.swift */,
				40923DB228FE6915003B15B5 /* activity_load.swift */,
			);
			path = Models;
			sourceTree = "<group>";
		};
		2CB79C9128A9E2F800744FF8 /* Views */ = {
			isa = PBXGroup;
			children = (
				2CE790A3289F72BE00C3BB2B /* Main.storyboard */,
				2CB79C9628A9E43900744FF8 /* IconCell.swift */,
				2CB79C9728A9E43900744FF8 /* IconCell.xib */,
			);
			path = Views;
			sourceTree = "<group>";
		};
		2CB79C9328A9E38500744FF8 /* Controller */ = {
			isa = PBXGroup;
			children = (
				2CE790D5289F7F1A00C3BB2B /* MapVC.swift */,
				2CD2536728ED2AF8004C03A6 /* AddEventViewController.swift */,
				2CB9246F28E49EB80006967C /* SupportVC.swift */,
				2CD9277528A1D59000C45293 /* ResultsViewController.swift */,
				2CE790CD289F7D8E00C3BB2B /* CustomTabBarController.swift */,
				2CE790D1289F7EE100C3BB2B /* AppsVC.swift */,
				2CE790CF289F7EBA00C3BB2B /* HomeVC.swift */,
				2CE790A1289F72BE00C3BB2B /* ViewController.swift */,
				40A89A1228F75FE800E3CE60 /* ActivityCell.swift */,
				40A89A0E28F75FE700E3CE60 /* ActivityCell.xib */,
				40A89A1028F75FE800E3CE60 /* ActivityVC.swift */,
				40A89A1128F75FE800E3CE60 /* AddEventVC.swift */,
				2CE790D3289F7EED00C3BB2B /* ScheduleVC.swift */,
				2C83283228A7DC5A00EBA59B /* AcademicsVC.swift */,
				40923DA728FE33AF003B15B5 /* ActivityCell.swift */,
				40923DA828FE33AF003B15B5 /* ActivityCell.xib */,
				40923DA628FE33AF003B15B5 /* ActivityVC.swift */,
				40923DA928FE33AF003B15B5 /* AddEventVC.swift */,
				40923DAA28FE33AF003B15B5 /* CollectVC.swift */,
				4FED0F6028EFF868003265A1 /* AthleticsVC.swift */,
				4F98422728FE204B009990D4 /* WebViewVC.swift */,
				4FED0F6228F002C4003265A1 /* SocialMediaVC.swift */,
				4FED0F6428F003CA003265A1 /* HousingVC.swift */,
				63051E5028FE462B002C43BF /* CollectVC.swift */,
			);
			path = Controller;
			sourceTree = "<group>";
		};
		2CE79091289F72BE00C3BB2B = {
			isa = PBXGroup;
			children = (
				08C1484928F8503500A493B2 /* GoogleService-Info.plist */,
				2CE7909C289F72BE00C3BB2B /* GoBlueJays */,
				2CE790B3289F72BF00C3BB2B /* GoBlueJaysTests */,
				2CE790BD289F72BF00C3BB2B /* GoBlueJaysUITests */,
				2CE7909B289F72BE00C3BB2B /* Products */,
				2A1FA4102B96A5AF4087A64F /* Pods */,
				FCDAE637DF3243F0ACEF201A /* Frameworks */,
			);
			sourceTree = "<group>";
		};
		2CE7909B289F72BE00C3BB2B /* Products */ = {
			isa = PBXGroup;
			children = (
				2CE7909A289F72BE00C3BB2B /* GoBlueJays.app */,
				2CE790B0289F72BF00C3BB2B /* GoBlueJaysTests.xctest */,
				2CE790BA289F72BF00C3BB2B /* GoBlueJaysUITests.xctest */,
			);
			name = Products;
			sourceTree = "<group>";
		};
		2CE7909C289F72BE00C3BB2B /* GoBlueJays */ = {
			isa = PBXGroup;
			children = (
				2CE7909D289F72BE00C3BB2B /* AppDelegate.swift */,
				2CE7909F289F72BE00C3BB2B /* SceneDelegate.swift */,
				2CB79C9128A9E2F800744FF8 /* Views */,
				2CC9F07228A22BE300E337CA /* GooglePlacesManager.swift */,
				2CB79C9328A9E38500744FF8 /* Controller */,
				2CB79C8E28A9D9FA00744FF8 /* Models */,
				2CE790A6289F72BF00C3BB2B /* Assets.xcassets */,
				2CE790A8289F72BF00C3BB2B /* LaunchScreen.storyboard */,
				2CE790AB289F72BF00C3BB2B /* Info.plist */,
			);
			path = GoBlueJays;
			sourceTree = "<group>";
		};
		2CE790B3289F72BF00C3BB2B /* GoBlueJaysTests */ = {
			isa = PBXGroup;
			children = (
				2CE790B4289F72BF00C3BB2B /* GoBlueJaysTests.swift */,
			);
			path = GoBlueJaysTests;
			sourceTree = "<group>";
		};
		2CE790BD289F72BF00C3BB2B /* GoBlueJaysUITests */ = {
			isa = PBXGroup;
			children = (
				2CE790BE289F72BF00C3BB2B /* GoBlueJaysUITests.swift */,
				2CE790C0289F72BF00C3BB2B /* GoBlueJaysUITestsLaunchTests.swift */,
			);
			path = GoBlueJaysUITests;
			sourceTree = "<group>";
		};
		FCDAE637DF3243F0ACEF201A /* Frameworks */ = {
			isa = PBXGroup;
			children = (
				BFB5DAEF057AA1DC7A3B8B94 /* Pods_GoBlueJays.framework */,
				17B5AF18CF6F98B65F88D856 /* Pods_GoBlueJays_GoBlueJaysUITests.framework */,
				FA119EE4D0C982AF301B9C23 /* Pods_GoBlueJaysTests.framework */,
			);
			name = Frameworks;
			sourceTree = "<group>";
		};
/* End PBXGroup section */

/* Begin PBXNativeTarget section */
		2CE79099289F72BE00C3BB2B /* GoBlueJays */ = {
			isa = PBXNativeTarget;
			buildConfigurationList = 2CE790C4289F72BF00C3BB2B /* Build configuration list for PBXNativeTarget "GoBlueJays" */;
			buildPhases = (
				EC7917EC21F99350A762F06C /* [CP] Check Pods Manifest.lock */,
				2CE79096289F72BE00C3BB2B /* Sources */,
				2CE79097289F72BE00C3BB2B /* Frameworks */,
				2CE79098289F72BE00C3BB2B /* Resources */,
				2CAB898828ACA10500DD27EA /* Embed Frameworks */,
				8E432E099F6F31E711E6F200 /* [CP] Embed Pods Frameworks */,
				02EE2C7798AD2CF9E86FC347 /* [CP] Copy Pods Resources */,
			);
			buildRules = (
			);
			dependencies = (
			);
			name = GoBlueJays;
			packageProductDependencies = (
				08C1481328F8459400A493B2 /* FirebaseAnalytics */,
				08C1481528F8459400A493B2 /* FirebaseAnalyticsOnDeviceConversion */,
				08C1481728F8459400A493B2 /* FirebaseAnalyticsSwift */,
				08C1481928F8459400A493B2 /* FirebaseAnalyticsWithoutAdIdSupport */,
				08C1481B28F8459400A493B2 /* FirebaseAppCheck */,
				08C1481D28F8459400A493B2 /* FirebaseAppDistribution-Beta */,
				08C1481F28F8459400A493B2 /* FirebaseAuth */,
				08C1482128F8459400A493B2 /* FirebaseAuthCombine-Community */,
				08C1482328F8459400A493B2 /* FirebaseCrashlytics */,
				08C1482528F8459400A493B2 /* FirebaseDatabase */,
				08C1482728F8459400A493B2 /* FirebaseDatabaseSwift */,
				08C1482928F8459400A493B2 /* FirebaseDynamicLinks */,
				08C1482B28F8459400A493B2 /* FirebaseFirestore */,
				08C1482D28F8459400A493B2 /* FirebaseFirestoreCombine-Community */,
				08C1482F28F8459400A493B2 /* FirebaseFirestoreSwift */,
				08C1483128F8459400A493B2 /* FirebaseFunctions */,
				08C1483328F8459400A493B2 /* FirebaseFunctionsCombine-Community */,
				08C1483528F8459400A493B2 /* FirebaseInAppMessaging-Beta */,
				08C1483728F8459400A493B2 /* FirebaseInAppMessagingSwift-Beta */,
				08C1483928F8459400A493B2 /* FirebaseInstallations */,
				08C1483B28F8459400A493B2 /* FirebaseMLModelDownloader */,
				08C1483D28F8459400A493B2 /* FirebaseMessaging */,
				08C1483F28F8459400A493B2 /* FirebasePerformance */,
				08C1484128F8459400A493B2 /* FirebaseRemoteConfig */,
				08C1484328F8459400A493B2 /* FirebaseRemoteConfigSwift */,
				08C1484528F8459400A493B2 /* FirebaseStorage */,
				08C1484728F8459400A493B2 /* FirebaseStorageCombine-Community */,
			);
			productName = GoBlueJays;
			productReference = 2CE7909A289F72BE00C3BB2B /* GoBlueJays.app */;
			productType = "com.apple.product-type.application";
		};
		2CE790AF289F72BF00C3BB2B /* GoBlueJaysTests */ = {
			isa = PBXNativeTarget;
			buildConfigurationList = 2CE790C7289F72BF00C3BB2B /* Build configuration list for PBXNativeTarget "GoBlueJaysTests" */;
			buildPhases = (
				39A953BF830F3FB4F233E64C /* [CP] Check Pods Manifest.lock */,
				2CE790AC289F72BF00C3BB2B /* Sources */,
				2CE790AD289F72BF00C3BB2B /* Frameworks */,
				2CE790AE289F72BF00C3BB2B /* Resources */,
			);
			buildRules = (
			);
			dependencies = (
				2CE790B2289F72BF00C3BB2B /* PBXTargetDependency */,
			);
			name = GoBlueJaysTests;
			productName = GoBlueJaysTests;
			productReference = 2CE790B0289F72BF00C3BB2B /* GoBlueJaysTests.xctest */;
			productType = "com.apple.product-type.bundle.unit-test";
		};
		2CE790B9289F72BF00C3BB2B /* GoBlueJaysUITests */ = {
			isa = PBXNativeTarget;
			buildConfigurationList = 2CE790CA289F72BF00C3BB2B /* Build configuration list for PBXNativeTarget "GoBlueJaysUITests" */;
			buildPhases = (
				9E48EEFF00E8BFD896AF8917 /* [CP] Check Pods Manifest.lock */,
				2CE790B6289F72BF00C3BB2B /* Sources */,
				2CE790B7289F72BF00C3BB2B /* Frameworks */,
				2CE790B8289F72BF00C3BB2B /* Resources */,
				A47660A6015EF3A29B6152F8 /* [CP] Embed Pods Frameworks */,
				068906BF4FC0DA5B00810BDC /* [CP] Copy Pods Resources */,
			);
			buildRules = (
			);
			dependencies = (
				2CE790BC289F72BF00C3BB2B /* PBXTargetDependency */,
			);
			name = GoBlueJaysUITests;
			productName = GoBlueJaysUITests;
			productReference = 2CE790BA289F72BF00C3BB2B /* GoBlueJaysUITests.xctest */;
			productType = "com.apple.product-type.bundle.ui-testing";
		};
/* End PBXNativeTarget section */

/* Begin PBXProject section */
		2CE79092289F72BE00C3BB2B /* Project object */ = {
			isa = PBXProject;
			attributes = {
				BuildIndependentTargetsInParallel = 1;
				LastSwiftUpdateCheck = 1340;
				LastUpgradeCheck = 1340;
				TargetAttributes = {
					2CE79099289F72BE00C3BB2B = {
						CreatedOnToolsVersion = 13.4.1;
					};
					2CE790AF289F72BF00C3BB2B = {
						CreatedOnToolsVersion = 13.4.1;
						TestTargetID = 2CE79099289F72BE00C3BB2B;
					};
					2CE790B9289F72BF00C3BB2B = {
						CreatedOnToolsVersion = 13.4.1;
						TestTargetID = 2CE79099289F72BE00C3BB2B;
					};
				};
			};
			buildConfigurationList = 2CE79095289F72BE00C3BB2B /* Build configuration list for PBXProject "GoBlueJays" */;
			compatibilityVersion = "Xcode 13.0";
			developmentRegion = en;
			hasScannedForEncodings = 0;
			knownRegions = (
				en,
				Base,
			);
			mainGroup = 2CE79091289F72BE00C3BB2B;
			packageReferences = (
				08C1481228F8459400A493B2 /* XCRemoteSwiftPackageReference "firebase-ios-sdk" */,
			);
			productRefGroup = 2CE7909B289F72BE00C3BB2B /* Products */;
			projectDirPath = "";
			projectRoot = "";
			targets = (
				2CE79099289F72BE00C3BB2B /* GoBlueJays */,
				2CE790AF289F72BF00C3BB2B /* GoBlueJaysTests */,
				2CE790B9289F72BF00C3BB2B /* GoBlueJaysUITests */,
			);
		};
/* End PBXProject section */

/* Begin PBXResourcesBuildPhase section */
		2CE79098289F72BE00C3BB2B /* Resources */ = {
			isa = PBXResourcesBuildPhase;
			buildActionMask = 2147483647;
			files = (
				2CE790AA289F72BF00C3BB2B /* LaunchScreen.storyboard in Resources */,
				40A89A1328F75FE800E3CE60 /* (null) in Resources */,
				2CE790A7289F72BF00C3BB2B /* Assets.xcassets in Resources */,
				08C1484A28F8503600A493B2 /* GoogleService-Info.plist in Resources */,
				2CB79C9928A9E43900744FF8 /* IconCell.xib in Resources */,
				2CE790A5289F72BE00C3BB2B /* Main.storyboard in Resources */,
				40923DAD28FE33AF003B15B5 /* ActivityCell.xib in Resources */,
			);
			runOnlyForDeploymentPostprocessing = 0;
		};
		2CE790AE289F72BF00C3BB2B /* Resources */ = {
			isa = PBXResourcesBuildPhase;
			buildActionMask = 2147483647;
			files = (
				08C1484B28F8503600A493B2 /* GoogleService-Info.plist in Resources */,
			);
			runOnlyForDeploymentPostprocessing = 0;
		};
		2CE790B8289F72BF00C3BB2B /* Resources */ = {
			isa = PBXResourcesBuildPhase;
			buildActionMask = 2147483647;
			files = (
				08C1484C28F8503600A493B2 /* GoogleService-Info.plist in Resources */,
			);
			runOnlyForDeploymentPostprocessing = 0;
		};
/* End PBXResourcesBuildPhase section */

/* Begin PBXShellScriptBuildPhase section */
		02EE2C7798AD2CF9E86FC347 /* [CP] Copy Pods Resources */ = {
			isa = PBXShellScriptBuildPhase;
			buildActionMask = 2147483647;
			files = (
			);
			inputFileListPaths = (
				"${PODS_ROOT}/Target Support Files/Pods-GoBlueJays/Pods-GoBlueJays-resources-${CONFIGURATION}-input-files.xcfilelist",
			);
			name = "[CP] Copy Pods Resources";
			outputFileListPaths = (
				"${PODS_ROOT}/Target Support Files/Pods-GoBlueJays/Pods-GoBlueJays-resources-${CONFIGURATION}-output-files.xcfilelist",
			);
			runOnlyForDeploymentPostprocessing = 0;
			shellPath = /bin/sh;
			shellScript = "\"${PODS_ROOT}/Target Support Files/Pods-GoBlueJays/Pods-GoBlueJays-resources.sh\"\n";
			showEnvVarsInLog = 0;
		};
		068906BF4FC0DA5B00810BDC /* [CP] Copy Pods Resources */ = {
			isa = PBXShellScriptBuildPhase;
			buildActionMask = 2147483647;
			files = (
			);
			inputFileListPaths = (
				"${PODS_ROOT}/Target Support Files/Pods-GoBlueJays-GoBlueJaysUITests/Pods-GoBlueJays-GoBlueJaysUITests-resources-${CONFIGURATION}-input-files.xcfilelist",
			);
			inputPaths = (
				"${PODS_PODFILE_DIR_PATH}/Podfile.lock",
				"${PODS_ROOT}/Manifest.lock",
			);
			name = "[CP] Check Pods Manifest.lock";
			outputFileListPaths = (
			);
			outputPaths = (
				"$(DERIVED_FILE_DIR)/Pods-GoBlueJaysTests-checkManifestLockResult.txt",
			);
			runOnlyForDeploymentPostprocessing = 0;
			shellPath = /bin/sh;
			shellScript = "diff \"${PODS_PODFILE_DIR_PATH}/Podfile.lock\" \"${PODS_ROOT}/Manifest.lock\" > /dev/null\nif [ $? != 0 ] ; then\n    # print error to STDERR\n    echo \"error: The sandbox is not in sync with the Podfile.lock. Run 'pod install' or update your CocoaPods installation.\" >&2\n    exit 1\nfi\n# This output is used by Xcode 'outputs' to avoid re-running this script phase.\necho \"SUCCESS\" > \"${SCRIPT_OUTPUT_FILE_0}\"\n";
			showEnvVarsInLog = 0;
		};
		39A953BF830F3FB4F233E64C /* [CP] Check Pods Manifest.lock */ = {
			isa = PBXShellScriptBuildPhase;
			buildActionMask = 2147483647;
			files = (
			);
			inputFileListPaths = (
				"${PODS_ROOT}/Target Support Files/Pods-GoBlueJays/Pods-GoBlueJays-resources-${CONFIGURATION}-input-files.xcfilelist",
			);
			inputPaths = (
				"${PODS_PODFILE_DIR_PATH}/Podfile.lock",
				"${PODS_ROOT}/Manifest.lock",
			);
			name = "[CP] Check Pods Manifest.lock";
			outputFileListPaths = (
			);
			outputPaths = (
				"$(DERIVED_FILE_DIR)/Pods-GoBlueJaysTests-checkManifestLockResult.txt",
			);
			runOnlyForDeploymentPostprocessing = 0;
			shellPath = /bin/sh;
			shellScript = "diff \"${PODS_PODFILE_DIR_PATH}/Podfile.lock\" \"${PODS_ROOT}/Manifest.lock\" > /dev/null\nif [ $? != 0 ] ; then\n    # print error to STDERR\n    echo \"error: The sandbox is not in sync with the Podfile.lock. Run 'pod install' or update your CocoaPods installation.\" >&2\n    exit 1\nfi\n# This output is used by Xcode 'outputs' to avoid re-running this script phase.\necho \"SUCCESS\" > \"${SCRIPT_OUTPUT_FILE_0}\"\n";
			showEnvVarsInLog = 0;
		};
		8E432E099F6F31E711E6F200 /* [CP] Embed Pods Frameworks */ = {
			isa = PBXShellScriptBuildPhase;
			buildActionMask = 2147483647;
			files = (
			);
			inputFileListPaths = (
				"${PODS_ROOT}/Target Support Files/Pods-GoBlueJays/Pods-GoBlueJays-frameworks-${CONFIGURATION}-input-files.xcfilelist",
			);
			name = "[CP] Embed Pods Frameworks";
			outputFileListPaths = (
				"${PODS_ROOT}/Target Support Files/Pods-GoBlueJays/Pods-GoBlueJays-frameworks-${CONFIGURATION}-output-files.xcfilelist",
			);
			runOnlyForDeploymentPostprocessing = 0;
			shellPath = /bin/sh;
			shellScript = "\"${PODS_ROOT}/Target Support Files/Pods-GoBlueJays/Pods-GoBlueJays-frameworks.sh\"\n";
			showEnvVarsInLog = 0;
		};
		9E48EEFF00E8BFD896AF8917 /* [CP] Check Pods Manifest.lock */ = {
			isa = PBXShellScriptBuildPhase;
			buildActionMask = 2147483647;
			files = (
			);
			inputFileListPaths = (
				"${PODS_ROOT}/Target Support Files/Pods-GoBlueJays/Pods-GoBlueJays-resources-${CONFIGURATION}-input-files.xcfilelist",
			);
			name = "[CP] Copy Pods Resources";
			outputFileListPaths = (
				"${PODS_ROOT}/Target Support Files/Pods-GoBlueJays/Pods-GoBlueJays-resources-${CONFIGURATION}-output-files.xcfilelist",
			);
			runOnlyForDeploymentPostprocessing = 0;
			shellPath = /bin/sh;
			shellScript = "\"${PODS_ROOT}/Target Support Files/Pods-GoBlueJays/Pods-GoBlueJays-resources.sh\"\n";
			showEnvVarsInLog = 0;
		};
		A47660A6015EF3A29B6152F8 /* [CP] Embed Pods Frameworks */ = {
			isa = PBXShellScriptBuildPhase;
			buildActionMask = 2147483647;
			files = (
			);
			inputFileListPaths = (
				"${PODS_ROOT}/Target Support Files/Pods-GoBlueJays-GoBlueJaysUITests/Pods-GoBlueJays-GoBlueJaysUITests-frameworks-${CONFIGURATION}-input-files.xcfilelist",
			);
			name = "[CP] Embed Pods Frameworks";
			outputFileListPaths = (
				"${PODS_ROOT}/Target Support Files/Pods-GoBlueJays-GoBlueJaysUITests/Pods-GoBlueJays-GoBlueJaysUITests-frameworks-${CONFIGURATION}-output-files.xcfilelist",
			);
			runOnlyForDeploymentPostprocessing = 0;
			shellPath = /bin/sh;
			shellScript = "\"${PODS_ROOT}/Target Support Files/Pods-GoBlueJays-GoBlueJaysUITests/Pods-GoBlueJays-GoBlueJaysUITests-frameworks.sh\"\n";
			showEnvVarsInLog = 0;
		};
		EC7917EC21F99350A762F06C /* [CP] Check Pods Manifest.lock */ = {
			isa = PBXShellScriptBuildPhase;
			buildActionMask = 2147483647;
			files = (
			);
			inputFileListPaths = (
			);
			inputPaths = (
				"${PODS_PODFILE_DIR_PATH}/Podfile.lock",
				"${PODS_ROOT}/Manifest.lock",
			);
			name = "[CP] Check Pods Manifest.lock";
			outputFileListPaths = (
			);
			outputPaths = (
				"$(DERIVED_FILE_DIR)/Pods-GoBlueJays-checkManifestLockResult.txt",
			);
			runOnlyForDeploymentPostprocessing = 0;
			shellPath = /bin/sh;
			shellScript = "diff \"${PODS_PODFILE_DIR_PATH}/Podfile.lock\" \"${PODS_ROOT}/Manifest.lock\" > /dev/null\nif [ $? != 0 ] ; then\n    # print error to STDERR\n    echo \"error: The sandbox is not in sync with the Podfile.lock. Run 'pod install' or update your CocoaPods installation.\" >&2\n    exit 1\nfi\n# This output is used by Xcode 'outputs' to avoid re-running this script phase.\necho \"SUCCESS\" > \"${SCRIPT_OUTPUT_FILE_0}\"\n";
			showEnvVarsInLog = 0;
		};
/* End PBXShellScriptBuildPhase section */

/* Begin PBXSourcesBuildPhase section */
		2CE79096289F72BE00C3BB2B /* Sources */ = {
			isa = PBXSourcesBuildPhase;
			buildActionMask = 2147483647;
			files = (
				2CAC969D28FBC7060075E8E4 /* Course.swift in Sources */,
				40923DAF28FE33AF003B15B5 /* CollectVC.swift in Sources */,
				40923DAB28FE33AF003B15B5 /* ActivityVC.swift in Sources */,
				4FED0F6528F003CA003265A1 /* HousingVC.swift in Sources */,
				2CE790D4289F7EED00C3BB2B /* ScheduleVC.swift in Sources */,
				4FED0F6128EFF868003265A1 /* AthleticsVC.swift in Sources */,
				40923DAE28FE33AF003B15B5 /* AddEventVC.swift in Sources */,
				2CD2536828ED2AF8004C03A6 /* AddEventViewController.swift in Sources */,
				2CE790A2289F72BE00C3BB2B /* ViewController.swift in Sources */,
				63051E5128FE462B002C43BF /* CollectVC.swift in Sources */,
				2CB79C9028A9DA1C00744FF8 /* Detail.swift in Sources */,
				40A89A1928F7602F00E3CE60 /* (null) in Sources */,
				2CE790D0289F7EBA00C3BB2B /* HomeVC.swift in Sources */,
				2CE7909E289F72BE00C3BB2B /* AppDelegate.swift in Sources */,
				40A89A1428F75FE800E3CE60 /* (null) in Sources */,
				4FED0F6328F002C4003265A1 /* SocialMediaVC.swift in Sources */,
				2CC9F07328A22BE300E337CA /* GooglePlacesManager.swift in Sources */,
				40A89A1528F75FE800E3CE60 /* (null) in Sources */,
				2CB9247028E49EB80006967C /* SupportVC.swift in Sources */,
				40923DB328FE6915003B15B5 /* activity_load.swift in Sources */,
				2CE790CE289F7D8E00C3BB2B /* CustomTabBarController.swift in Sources */,
				2CB79C9828A9E43900744FF8 /* IconCell.swift in Sources */,
				2C83283328A7DC5A00EBA59B /* AcademicsVC.swift in Sources */,
				40A89A1728F75FE800E3CE60 /* (null) in Sources */,

				40A89A1628F75FE800E3CE60 /* (null) in Sources */,
				2CD9277628A1D59000C45293 /* ResultsViewController.swift in Sources */,
				4F98422828FE204B009990D4 /* WebViewVC.swift in Sources */,

				40923DAC28FE33AF003B15B5 /* ActivityCell.swift in Sources */,
				40A89A1628F75FE800E3CE60 /* (null) in Sources */,
				2CD9277628A1D59000C45293 /* ResultsViewController.swift in Sources */,
				40923DB128FE33CC003B15B5 /* Activity.swift in Sources */,

				2CE790D6289F7F1A00C3BB2B /* MapVC.swift in Sources */,
				2CE790D2289F7EE100C3BB2B /* AppsVC.swift in Sources */,
				2CE790A0289F72BE00C3BB2B /* SceneDelegate.swift in Sources */,
			);
			runOnlyForDeploymentPostprocessing = 0;
		};
		2CE790AC289F72BF00C3BB2B /* Sources */ = {
			isa = PBXSourcesBuildPhase;
			buildActionMask = 2147483647;
			files = (
				2CE790B5289F72BF00C3BB2B /* GoBlueJaysTests.swift in Sources */,
			);
			runOnlyForDeploymentPostprocessing = 0;
		};
		2CE790B6289F72BF00C3BB2B /* Sources */ = {
			isa = PBXSourcesBuildPhase;
			buildActionMask = 2147483647;
			files = (
				2CE790BF289F72BF00C3BB2B /* GoBlueJaysUITests.swift in Sources */,
				2CE790C1289F72BF00C3BB2B /* GoBlueJaysUITestsLaunchTests.swift in Sources */,
			);
			runOnlyForDeploymentPostprocessing = 0;
		};
/* End PBXSourcesBuildPhase section */

/* Begin PBXTargetDependency section */
		2CE790B2289F72BF00C3BB2B /* PBXTargetDependency */ = {
			isa = PBXTargetDependency;
			target = 2CE79099289F72BE00C3BB2B /* GoBlueJays */;
			targetProxy = 2CE790B1289F72BF00C3BB2B /* PBXContainerItemProxy */;
		};
		2CE790BC289F72BF00C3BB2B /* PBXTargetDependency */ = {
			isa = PBXTargetDependency;
			target = 2CE79099289F72BE00C3BB2B /* GoBlueJays */;
			targetProxy = 2CE790BB289F72BF00C3BB2B /* PBXContainerItemProxy */;
		};
/* End PBXTargetDependency section */

/* Begin PBXVariantGroup section */
		2CE790A3289F72BE00C3BB2B /* Main.storyboard */ = {
			isa = PBXVariantGroup;
			children = (
				2CE790A4289F72BE00C3BB2B /* Base */,
			);
			name = Main.storyboard;
			sourceTree = "<group>";
		};
		2CE790A8289F72BF00C3BB2B /* LaunchScreen.storyboard */ = {
			isa = PBXVariantGroup;
			children = (
				2CE790A9289F72BF00C3BB2B /* Base */,
			);
			name = LaunchScreen.storyboard;
			sourceTree = "<group>";
		};
/* End PBXVariantGroup section */

/* Begin XCBuildConfiguration section */
		2CE790C2289F72BF00C3BB2B /* Debug */ = {
			isa = XCBuildConfiguration;
			buildSettings = {
				ALLOW_TARGET_PLATFORM_SPECIALIZATION = YES;
				ALWAYS_SEARCH_USER_PATHS = NO;
				ARCHS = "$(ARCHS_STANDARD)";
				CLANG_ANALYZER_NONNULL = YES;
				CLANG_ANALYZER_NUMBER_OBJECT_CONVERSION = YES_AGGRESSIVE;
				CLANG_CXX_LANGUAGE_STANDARD = "gnu++17";
				CLANG_ENABLE_MODULES = YES;
				CLANG_ENABLE_OBJC_ARC = YES;
				CLANG_ENABLE_OBJC_WEAK = YES;
				CLANG_WARN_BLOCK_CAPTURE_AUTORELEASING = YES;
				CLANG_WARN_BOOL_CONVERSION = YES;
				CLANG_WARN_COMMA = YES;
				CLANG_WARN_CONSTANT_CONVERSION = YES;
				CLANG_WARN_DEPRECATED_OBJC_IMPLEMENTATIONS = YES;
				CLANG_WARN_DIRECT_OBJC_ISA_USAGE = YES_ERROR;
				CLANG_WARN_DOCUMENTATION_COMMENTS = YES;
				CLANG_WARN_EMPTY_BODY = YES;
				CLANG_WARN_ENUM_CONVERSION = YES;
				CLANG_WARN_INFINITE_RECURSION = YES;
				CLANG_WARN_INT_CONVERSION = YES;
				CLANG_WARN_NON_LITERAL_NULL_CONVERSION = YES;
				CLANG_WARN_OBJC_IMPLICIT_RETAIN_SELF = YES;
				CLANG_WARN_OBJC_LITERAL_CONVERSION = YES;
				CLANG_WARN_OBJC_ROOT_CLASS = YES_ERROR;
				CLANG_WARN_QUOTED_INCLUDE_IN_FRAMEWORK_HEADER = YES;
				CLANG_WARN_RANGE_LOOP_ANALYSIS = YES;
				CLANG_WARN_STRICT_PROTOTYPES = YES;
				CLANG_WARN_SUSPICIOUS_MOVE = YES;
				CLANG_WARN_UNGUARDED_AVAILABILITY = YES_AGGRESSIVE;
				CLANG_WARN_UNREACHABLE_CODE = YES;
				CLANG_WARN__DUPLICATE_METHOD_MATCH = YES;
				COPY_PHASE_STRIP = NO;
				DEBUG_INFORMATION_FORMAT = dwarf;
				ENABLE_STRICT_OBJC_MSGSEND = YES;
				ENABLE_TESTABILITY = YES;
				GCC_C_LANGUAGE_STANDARD = gnu11;
				GCC_DYNAMIC_NO_PIC = NO;
				GCC_NO_COMMON_BLOCKS = YES;
				GCC_OPTIMIZATION_LEVEL = 0;
				GCC_PREPROCESSOR_DEFINITIONS = (
					"DEBUG=1",
					"$(inherited)",
				);
				GCC_WARN_64_TO_32_BIT_CONVERSION = YES;
				GCC_WARN_ABOUT_RETURN_TYPE = YES_ERROR;
				GCC_WARN_UNDECLARED_SELECTOR = YES;
				GCC_WARN_UNINITIALIZED_AUTOS = YES_AGGRESSIVE;
				GCC_WARN_UNUSED_FUNCTION = YES;
				GCC_WARN_UNUSED_VARIABLE = YES;
				IPHONEOS_DEPLOYMENT_TARGET = 14.5;
				MTL_ENABLE_DEBUG_INFO = INCLUDE_SOURCE;
				MTL_FAST_MATH = YES;
				ONLY_ACTIVE_ARCH = YES;
				SDKROOT = iphoneos;
				SWIFT_ACTIVE_COMPILATION_CONDITIONS = DEBUG;
				SWIFT_OPTIMIZATION_LEVEL = "-Onone";
			};
			name = Debug;
		};
		2CE790C3289F72BF00C3BB2B /* Release */ = {
			isa = XCBuildConfiguration;
			buildSettings = {
				ALLOW_TARGET_PLATFORM_SPECIALIZATION = YES;
				ALWAYS_SEARCH_USER_PATHS = NO;
				ARCHS = "$(ARCHS_STANDARD)";
				CLANG_ANALYZER_NONNULL = YES;
				CLANG_ANALYZER_NUMBER_OBJECT_CONVERSION = YES_AGGRESSIVE;
				CLANG_CXX_LANGUAGE_STANDARD = "gnu++17";
				CLANG_ENABLE_MODULES = YES;
				CLANG_ENABLE_OBJC_ARC = YES;
				CLANG_ENABLE_OBJC_WEAK = YES;
				CLANG_WARN_BLOCK_CAPTURE_AUTORELEASING = YES;
				CLANG_WARN_BOOL_CONVERSION = YES;
				CLANG_WARN_COMMA = YES;
				CLANG_WARN_CONSTANT_CONVERSION = YES;
				CLANG_WARN_DEPRECATED_OBJC_IMPLEMENTATIONS = YES;
				CLANG_WARN_DIRECT_OBJC_ISA_USAGE = YES_ERROR;
				CLANG_WARN_DOCUMENTATION_COMMENTS = YES;
				CLANG_WARN_EMPTY_BODY = YES;
				CLANG_WARN_ENUM_CONVERSION = YES;
				CLANG_WARN_INFINITE_RECURSION = YES;
				CLANG_WARN_INT_CONVERSION = YES;
				CLANG_WARN_NON_LITERAL_NULL_CONVERSION = YES;
				CLANG_WARN_OBJC_IMPLICIT_RETAIN_SELF = YES;
				CLANG_WARN_OBJC_LITERAL_CONVERSION = YES;
				CLANG_WARN_OBJC_ROOT_CLASS = YES_ERROR;
				CLANG_WARN_QUOTED_INCLUDE_IN_FRAMEWORK_HEADER = YES;
				CLANG_WARN_RANGE_LOOP_ANALYSIS = YES;
				CLANG_WARN_STRICT_PROTOTYPES = YES;
				CLANG_WARN_SUSPICIOUS_MOVE = YES;
				CLANG_WARN_UNGUARDED_AVAILABILITY = YES_AGGRESSIVE;
				CLANG_WARN_UNREACHABLE_CODE = YES;
				CLANG_WARN__DUPLICATE_METHOD_MATCH = YES;
				COPY_PHASE_STRIP = NO;
				DEBUG_INFORMATION_FORMAT = "dwarf-with-dsym";
				ENABLE_NS_ASSERTIONS = NO;
				ENABLE_STRICT_OBJC_MSGSEND = YES;
				GCC_C_LANGUAGE_STANDARD = gnu11;
				GCC_NO_COMMON_BLOCKS = YES;
				GCC_WARN_64_TO_32_BIT_CONVERSION = YES;
				GCC_WARN_ABOUT_RETURN_TYPE = YES_ERROR;
				GCC_WARN_UNDECLARED_SELECTOR = YES;
				GCC_WARN_UNINITIALIZED_AUTOS = YES_AGGRESSIVE;
				GCC_WARN_UNUSED_FUNCTION = YES;
				GCC_WARN_UNUSED_VARIABLE = YES;
				IPHONEOS_DEPLOYMENT_TARGET = 14.5;
				MTL_ENABLE_DEBUG_INFO = NO;
				MTL_FAST_MATH = YES;
				ONLY_ACTIVE_ARCH = YES;
				SDKROOT = iphoneos;
				SWIFT_COMPILATION_MODE = wholemodule;
				SWIFT_OPTIMIZATION_LEVEL = "-O";
				VALIDATE_PRODUCT = YES;
			};
			name = Release;
		};
		2CE790C5289F72BF00C3BB2B /* Debug */ = {
			isa = XCBuildConfiguration;
			baseConfigurationReference = 8D0FDCBDAEC9A39EB29771A1 /* Pods-GoBlueJays.debug.xcconfig */;
			buildSettings = {
				ARCHS = "$(ARCHS_STANDARD)";
				ASSETCATALOG_COMPILER_APPICON_NAME = AppIcon;
				ASSETCATALOG_COMPILER_GLOBAL_ACCENT_COLOR_NAME = AccentColor;
				CODE_SIGN_IDENTITY = "Apple Development";
				CODE_SIGN_STYLE = Automatic;
				CURRENT_PROJECT_VERSION = 1;
				DEVELOPMENT_TEAM = G9T2AWPNWG;
				GENERATE_INFOPLIST_FILE = YES;
				INFOPLIST_FILE = GoBlueJays/Info.plist;
				INFOPLIST_KEY_UIApplicationSupportsIndirectInputEvents = YES;
				INFOPLIST_KEY_UILaunchStoryboardName = LaunchScreen;
				INFOPLIST_KEY_UIMainStoryboardFile = Main;
				INFOPLIST_KEY_UISupportedInterfaceOrientations_iPad = "UIInterfaceOrientationPortrait UIInterfaceOrientationPortraitUpsideDown UIInterfaceOrientationLandscapeLeft UIInterfaceOrientationLandscapeRight";
				INFOPLIST_KEY_UISupportedInterfaceOrientations_iPhone = "UIInterfaceOrientationPortrait UIInterfaceOrientationLandscapeLeft UIInterfaceOrientationLandscapeRight";
				IPHONEOS_DEPLOYMENT_TARGET = 14.5;
				LD_RUNPATH_SEARCH_PATHS = (
					"$(inherited)",
					"@executable_path/Frameworks",
				);
				MARKETING_VERSION = 1.0;
				ONLY_ACTIVE_ARCH = YES;
				PRODUCT_BUNDLE_IDENTIFIER = com.jessieluo.GoBlueJays;
				PRODUCT_NAME = "$(TARGET_NAME)";
				PROVISIONING_PROFILE_SPECIFIER = "";
				SWIFT_EMIT_LOC_STRINGS = YES;
				SWIFT_VERSION = 5.0;
				TARGETED_DEVICE_FAMILY = "1,2";
				VALIDATE_WORKSPACE = YES;
			};
			name = Debug;
		};
		2CE790C6289F72BF00C3BB2B /* Release */ = {
			isa = XCBuildConfiguration;
			baseConfigurationReference = DAD1649FE383521B33AD2493 /* Pods-GoBlueJays.release.xcconfig */;
			buildSettings = {
				ARCHS = "$(ARCHS_STANDARD)";
				ASSETCATALOG_COMPILER_APPICON_NAME = AppIcon;
				ASSETCATALOG_COMPILER_GLOBAL_ACCENT_COLOR_NAME = AccentColor;
				CODE_SIGN_IDENTITY = "Apple Development";
				CODE_SIGN_STYLE = Automatic;
				CURRENT_PROJECT_VERSION = 1;
				DEVELOPMENT_TEAM = G9T2AWPNWG;
				EXCLUDED_ARCHS = "";
				GENERATE_INFOPLIST_FILE = YES;
				INFOPLIST_FILE = GoBlueJays/Info.plist;
				INFOPLIST_KEY_UIApplicationSupportsIndirectInputEvents = YES;
				INFOPLIST_KEY_UILaunchStoryboardName = LaunchScreen;
				INFOPLIST_KEY_UIMainStoryboardFile = Main;
				INFOPLIST_KEY_UISupportedInterfaceOrientations_iPad = "UIInterfaceOrientationPortrait UIInterfaceOrientationPortraitUpsideDown UIInterfaceOrientationLandscapeLeft UIInterfaceOrientationLandscapeRight";
				INFOPLIST_KEY_UISupportedInterfaceOrientations_iPhone = "UIInterfaceOrientationPortrait UIInterfaceOrientationLandscapeLeft UIInterfaceOrientationLandscapeRight";
				IPHONEOS_DEPLOYMENT_TARGET = 14.5;
				LD_RUNPATH_SEARCH_PATHS = (
					"$(inherited)",
					"@executable_path/Frameworks",
				);
				MARKETING_VERSION = 1.0;
				ONLY_ACTIVE_ARCH = YES;
				PRODUCT_BUNDLE_IDENTIFIER = com.jessieluo.GoBlueJays;
				PRODUCT_NAME = "$(TARGET_NAME)";
				PROVISIONING_PROFILE_SPECIFIER = "";
				SWIFT_EMIT_LOC_STRINGS = YES;
				SWIFT_VERSION = 5.0;
				TARGETED_DEVICE_FAMILY = "1,2";
				VALIDATE_WORKSPACE = YES;
			};
			name = Release;
		};
		2CE790C8289F72BF00C3BB2B /* Debug */ = {
			isa = XCBuildConfiguration;
			baseConfigurationReference = 895B520B41E897667F77833A /* Pods-GoBlueJaysTests.debug.xcconfig */;
			buildSettings = {
				ALWAYS_EMBED_SWIFT_STANDARD_LIBRARIES = YES;
				BUNDLE_LOADER = "$(TEST_HOST)";
				CODE_SIGN_STYLE = Automatic;
				CURRENT_PROJECT_VERSION = 1;
				GENERATE_INFOPLIST_FILE = YES;
				IPHONEOS_DEPLOYMENT_TARGET = 15.5;
				MARKETING_VERSION = 1.0;
				PRODUCT_BUNDLE_IDENTIFIER = com.jessieluo.GoBlueJaysTests;
				PRODUCT_NAME = "$(TARGET_NAME)";
				SWIFT_EMIT_LOC_STRINGS = NO;
				SWIFT_VERSION = 5.0;
				TARGETED_DEVICE_FAMILY = "1,2";
				TEST_HOST = "$(BUILT_PRODUCTS_DIR)/GoBlueJays.app/GoBlueJays";
			};
			name = Debug;
		};
		2CE790C9289F72BF00C3BB2B /* Release */ = {
			isa = XCBuildConfiguration;
			baseConfigurationReference = 52A8F443CA653AEE505DFE7C /* Pods-GoBlueJaysTests.release.xcconfig */;
			buildSettings = {
				ALWAYS_EMBED_SWIFT_STANDARD_LIBRARIES = YES;
				BUNDLE_LOADER = "$(TEST_HOST)";
				CODE_SIGN_STYLE = Automatic;
				CURRENT_PROJECT_VERSION = 1;
				GENERATE_INFOPLIST_FILE = YES;
				IPHONEOS_DEPLOYMENT_TARGET = 15.5;
				MARKETING_VERSION = 1.0;
				PRODUCT_BUNDLE_IDENTIFIER = com.jessieluo.GoBlueJaysTests;
				PRODUCT_NAME = "$(TARGET_NAME)";
				SWIFT_EMIT_LOC_STRINGS = NO;
				SWIFT_VERSION = 5.0;
				TARGETED_DEVICE_FAMILY = "1,2";
				TEST_HOST = "$(BUILT_PRODUCTS_DIR)/GoBlueJays.app/GoBlueJays";
			};
			name = Release;
		};
		2CE790CB289F72BF00C3BB2B /* Debug */ = {
			isa = XCBuildConfiguration;
			baseConfigurationReference = C8935A719EE7264AE8DA4ABC /* Pods-GoBlueJays-GoBlueJaysUITests.debug.xcconfig */;
			buildSettings = {
				ALWAYS_EMBED_SWIFT_STANDARD_LIBRARIES = YES;
				CODE_SIGN_STYLE = Automatic;
				CURRENT_PROJECT_VERSION = 1;
				GENERATE_INFOPLIST_FILE = YES;
				MARKETING_VERSION = 1.0;
				PRODUCT_BUNDLE_IDENTIFIER = com.jessieluo.GoBlueJaysUITests;
				PRODUCT_NAME = "$(TARGET_NAME)";
				SWIFT_EMIT_LOC_STRINGS = NO;
				SWIFT_VERSION = 5.0;
				TARGETED_DEVICE_FAMILY = "1,2";
				TEST_TARGET_NAME = GoBlueJays;
			};
			name = Debug;
		};
		2CE790CC289F72BF00C3BB2B /* Release */ = {
			isa = XCBuildConfiguration;
			baseConfigurationReference = 442880EDBF0787C75FB2E348 /* Pods-GoBlueJays-GoBlueJaysUITests.release.xcconfig */;
			buildSettings = {
				ALWAYS_EMBED_SWIFT_STANDARD_LIBRARIES = YES;
				CODE_SIGN_STYLE = Automatic;
				CURRENT_PROJECT_VERSION = 1;
				GENERATE_INFOPLIST_FILE = YES;
				MARKETING_VERSION = 1.0;
				PRODUCT_BUNDLE_IDENTIFIER = com.jessieluo.GoBlueJaysUITests;
				PRODUCT_NAME = "$(TARGET_NAME)";
				SWIFT_EMIT_LOC_STRINGS = NO;
				SWIFT_VERSION = 5.0;
				TARGETED_DEVICE_FAMILY = "1,2";
				TEST_TARGET_NAME = GoBlueJays;
			};
			name = Release;
		};
/* End XCBuildConfiguration section */

/* Begin XCConfigurationList section */
		2CE79095289F72BE00C3BB2B /* Build configuration list for PBXProject "GoBlueJays" */ = {
			isa = XCConfigurationList;
			buildConfigurations = (
				2CE790C2289F72BF00C3BB2B /* Debug */,
				2CE790C3289F72BF00C3BB2B /* Release */,
			);
			defaultConfigurationIsVisible = 0;
			defaultConfigurationName = Release;
		};
		2CE790C4289F72BF00C3BB2B /* Build configuration list for PBXNativeTarget "GoBlueJays" */ = {
			isa = XCConfigurationList;
			buildConfigurations = (
				2CE790C5289F72BF00C3BB2B /* Debug */,
				2CE790C6289F72BF00C3BB2B /* Release */,
			);
			defaultConfigurationIsVisible = 0;
			defaultConfigurationName = Release;
		};
		2CE790C7289F72BF00C3BB2B /* Build configuration list for PBXNativeTarget "GoBlueJaysTests" */ = {
			isa = XCConfigurationList;
			buildConfigurations = (
				2CE790C8289F72BF00C3BB2B /* Debug */,
				2CE790C9289F72BF00C3BB2B /* Release */,
			);
			defaultConfigurationIsVisible = 0;
			defaultConfigurationName = Release;
		};
		2CE790CA289F72BF00C3BB2B /* Build configuration list for PBXNativeTarget "GoBlueJaysUITests" */ = {
			isa = XCConfigurationList;
			buildConfigurations = (
				2CE790CB289F72BF00C3BB2B /* Debug */,
				2CE790CC289F72BF00C3BB2B /* Release */,
			);
			defaultConfigurationIsVisible = 0;
			defaultConfigurationName = Release;
		};
/* End XCConfigurationList section */

/* Begin XCRemoteSwiftPackageReference section */
		08C1481228F8459400A493B2 /* XCRemoteSwiftPackageReference "firebase-ios-sdk" */ = {
			isa = XCRemoteSwiftPackageReference;
			repositoryURL = "https://github.com/firebase/firebase-ios-sdk";
			requirement = {
				kind = upToNextMajorVersion;
				minimumVersion = 9.0.0;
			};
		};
/* End XCRemoteSwiftPackageReference section */

/* Begin XCSwiftPackageProductDependency section */
		08C1481328F8459400A493B2 /* FirebaseAnalytics */ = {
			isa = XCSwiftPackageProductDependency;
			package = 08C1481228F8459400A493B2 /* XCRemoteSwiftPackageReference "firebase-ios-sdk" */;
			productName = FirebaseAnalytics;
		};
		08C1481528F8459400A493B2 /* FirebaseAnalyticsOnDeviceConversion */ = {
			isa = XCSwiftPackageProductDependency;
			package = 08C1481228F8459400A493B2 /* XCRemoteSwiftPackageReference "firebase-ios-sdk" */;
			productName = FirebaseAnalyticsOnDeviceConversion;
		};
		08C1481728F8459400A493B2 /* FirebaseAnalyticsSwift */ = {
			isa = XCSwiftPackageProductDependency;
			package = 08C1481228F8459400A493B2 /* XCRemoteSwiftPackageReference "firebase-ios-sdk" */;
			productName = FirebaseAnalyticsSwift;
		};
		08C1481928F8459400A493B2 /* FirebaseAnalyticsWithoutAdIdSupport */ = {
			isa = XCSwiftPackageProductDependency;
			package = 08C1481228F8459400A493B2 /* XCRemoteSwiftPackageReference "firebase-ios-sdk" */;
			productName = FirebaseAnalyticsWithoutAdIdSupport;
		};
		08C1481B28F8459400A493B2 /* FirebaseAppCheck */ = {
			isa = XCSwiftPackageProductDependency;
			package = 08C1481228F8459400A493B2 /* XCRemoteSwiftPackageReference "firebase-ios-sdk" */;
			productName = FirebaseAppCheck;
		};
		08C1481D28F8459400A493B2 /* FirebaseAppDistribution-Beta */ = {
			isa = XCSwiftPackageProductDependency;
			package = 08C1481228F8459400A493B2 /* XCRemoteSwiftPackageReference "firebase-ios-sdk" */;
			productName = "FirebaseAppDistribution-Beta";
		};
		08C1481F28F8459400A493B2 /* FirebaseAuth */ = {
			isa = XCSwiftPackageProductDependency;
			package = 08C1481228F8459400A493B2 /* XCRemoteSwiftPackageReference "firebase-ios-sdk" */;
			productName = FirebaseAuth;
		};
		08C1482128F8459400A493B2 /* FirebaseAuthCombine-Community */ = {
			isa = XCSwiftPackageProductDependency;
			package = 08C1481228F8459400A493B2 /* XCRemoteSwiftPackageReference "firebase-ios-sdk" */;
			productName = "FirebaseAuthCombine-Community";
		};
		08C1482328F8459400A493B2 /* FirebaseCrashlytics */ = {
			isa = XCSwiftPackageProductDependency;
			package = 08C1481228F8459400A493B2 /* XCRemoteSwiftPackageReference "firebase-ios-sdk" */;
			productName = FirebaseCrashlytics;
		};
		08C1482528F8459400A493B2 /* FirebaseDatabase */ = {
			isa = XCSwiftPackageProductDependency;
			package = 08C1481228F8459400A493B2 /* XCRemoteSwiftPackageReference "firebase-ios-sdk" */;
			productName = FirebaseDatabase;
		};
		08C1482728F8459400A493B2 /* FirebaseDatabaseSwift */ = {
			isa = XCSwiftPackageProductDependency;
			package = 08C1481228F8459400A493B2 /* XCRemoteSwiftPackageReference "firebase-ios-sdk" */;
			productName = FirebaseDatabaseSwift;
		};
		08C1482928F8459400A493B2 /* FirebaseDynamicLinks */ = {
			isa = XCSwiftPackageProductDependency;
			package = 08C1481228F8459400A493B2 /* XCRemoteSwiftPackageReference "firebase-ios-sdk" */;
			productName = FirebaseDynamicLinks;
		};
		08C1482B28F8459400A493B2 /* FirebaseFirestore */ = {
			isa = XCSwiftPackageProductDependency;
			package = 08C1481228F8459400A493B2 /* XCRemoteSwiftPackageReference "firebase-ios-sdk" */;
			productName = FirebaseFirestore;
		};
		08C1482D28F8459400A493B2 /* FirebaseFirestoreCombine-Community */ = {
			isa = XCSwiftPackageProductDependency;
			package = 08C1481228F8459400A493B2 /* XCRemoteSwiftPackageReference "firebase-ios-sdk" */;
			productName = "FirebaseFirestoreCombine-Community";
		};
		08C1482F28F8459400A493B2 /* FirebaseFirestoreSwift */ = {
			isa = XCSwiftPackageProductDependency;
			package = 08C1481228F8459400A493B2 /* XCRemoteSwiftPackageReference "firebase-ios-sdk" */;
			productName = FirebaseFirestoreSwift;
		};
		08C1483128F8459400A493B2 /* FirebaseFunctions */ = {
			isa = XCSwiftPackageProductDependency;
			package = 08C1481228F8459400A493B2 /* XCRemoteSwiftPackageReference "firebase-ios-sdk" */;
			productName = FirebaseFunctions;
		};
		08C1483328F8459400A493B2 /* FirebaseFunctionsCombine-Community */ = {
			isa = XCSwiftPackageProductDependency;
			package = 08C1481228F8459400A493B2 /* XCRemoteSwiftPackageReference "firebase-ios-sdk" */;
			productName = "FirebaseFunctionsCombine-Community";
		};
		08C1483528F8459400A493B2 /* FirebaseInAppMessaging-Beta */ = {
			isa = XCSwiftPackageProductDependency;
			package = 08C1481228F8459400A493B2 /* XCRemoteSwiftPackageReference "firebase-ios-sdk" */;
			productName = "FirebaseInAppMessaging-Beta";
		};
		08C1483728F8459400A493B2 /* FirebaseInAppMessagingSwift-Beta */ = {
			isa = XCSwiftPackageProductDependency;
			package = 08C1481228F8459400A493B2 /* XCRemoteSwiftPackageReference "firebase-ios-sdk" */;
			productName = "FirebaseInAppMessagingSwift-Beta";
		};
		08C1483928F8459400A493B2 /* FirebaseInstallations */ = {
			isa = XCSwiftPackageProductDependency;
			package = 08C1481228F8459400A493B2 /* XCRemoteSwiftPackageReference "firebase-ios-sdk" */;
			productName = FirebaseInstallations;
		};
		08C1483B28F8459400A493B2 /* FirebaseMLModelDownloader */ = {
			isa = XCSwiftPackageProductDependency;
			package = 08C1481228F8459400A493B2 /* XCRemoteSwiftPackageReference "firebase-ios-sdk" */;
			productName = FirebaseMLModelDownloader;
		};
		08C1483D28F8459400A493B2 /* FirebaseMessaging */ = {
			isa = XCSwiftPackageProductDependency;
			package = 08C1481228F8459400A493B2 /* XCRemoteSwiftPackageReference "firebase-ios-sdk" */;
			productName = FirebaseMessaging;
		};
		08C1483F28F8459400A493B2 /* FirebasePerformance */ = {
			isa = XCSwiftPackageProductDependency;
			package = 08C1481228F8459400A493B2 /* XCRemoteSwiftPackageReference "firebase-ios-sdk" */;
			productName = FirebasePerformance;
		};
		08C1484128F8459400A493B2 /* FirebaseRemoteConfig */ = {
			isa = XCSwiftPackageProductDependency;
			package = 08C1481228F8459400A493B2 /* XCRemoteSwiftPackageReference "firebase-ios-sdk" */;
			productName = FirebaseRemoteConfig;
		};
		08C1484328F8459400A493B2 /* FirebaseRemoteConfigSwift */ = {
			isa = XCSwiftPackageProductDependency;
			package = 08C1481228F8459400A493B2 /* XCRemoteSwiftPackageReference "firebase-ios-sdk" */;
			productName = FirebaseRemoteConfigSwift;
		};
		08C1484528F8459400A493B2 /* FirebaseStorage */ = {
			isa = XCSwiftPackageProductDependency;
			package = 08C1481228F8459400A493B2 /* XCRemoteSwiftPackageReference "firebase-ios-sdk" */;
			productName = FirebaseStorage;
		};
		08C1484728F8459400A493B2 /* FirebaseStorageCombine-Community */ = {
			isa = XCSwiftPackageProductDependency;
			package = 08C1481228F8459400A493B2 /* XCRemoteSwiftPackageReference "firebase-ios-sdk" */;
			productName = "FirebaseStorageCombine-Community";
		};
/* End XCSwiftPackageProductDependency section */
	};
	rootObject = 2CE79092289F72BE00C3BB2B /* Project object */;
}
